
Microsoft Visual Studio Solution File, Format Version 12.00
# Visual Studio Version 16
VisualStudioVersion = 16.0.29920.165
MinimumVisualStudioVersion = 10.0.40219.1
Project("{FAE04EC0-301F-11D3-BF4B-00C04F79EFBC}") = "CRoute", "CRoute.csproj", "{630AA89B-A5CC-4CEA-8DE5-C2E721A38013}"
EndProject
Project("{FAE04EC0-301F-11D3-BF4B-00C04F79EFBC}") = "ClientUtils", "..\..\ClientUtils\ClientUtils.csproj", "{19BA5AAA-2373-4807-B207-C88C48517264}"
EndProject
Project("{FAE04EC0-301F-11D3-BF4B-00C04F79EFBC}") = "CLine", "..\..\CLine\CLine_1.0.0.3\CLine.csproj", "{30F77C1F-5734-4AD3-96EE-68BDB7A65E37}"
EndProject
Project("{FAE04EC0-301F-11D3-BF4B-00C04F79EFBC}") = "CTerminal", "..\..\Terminal\CTerminal.csproj", "{80EDBE1B-A267-48CD-8E75-58C27A36BD6D}"
EndProject
Global
	GlobalSection(SolutionConfigurationPlatforms) = preSolution
		Debug|Any CPU = Debug|Any CPU
		Release|Any CPU = Release|Any CPU
	EndGlobalSection
	GlobalSection(ProjectConfigurationPlatforms) = postSolution
		{630AA89B-A5CC-4CEA-8DE5-C2E721A38013}.Debug|Any CPU.ActiveCfg = Debug|Any CPU
		{630AA89B-A5CC-4CEA-8DE5-C2E721A38013}.Debug|Any CPU.Build.0 = Debug|Any CPU
		{630AA89B-A5CC-4CEA-8DE5-C2E721A38013}.Release|Any CPU.ActiveCfg = Release|Any CPU
		{630AA89B-A5CC-4CEA-8DE5-C2E721A38013}.Release|Any CPU.Build.0 = Release|Any CPU
		{19BA5AAA-2373-4807-B207-C88C48517264}.Debug|Any CPU.ActiveCfg = Debug|Any CPU
		{19BA5AAA-2373-4807-B207-C88C48517264}.Debug|Any CPU.Build.0 = Debug|Any CPU
		{19BA5AAA-2373-4807-B207-C88C48517264}.Release|Any CPU.ActiveCfg = Release|Any CPU
		{19BA5AAA-2373-4807-B207-C88C48517264}.Release|Any CPU.Build.0 = Release|Any CPU
		{30F77C1F-5734-4AD3-96EE-68BDB7A65E37}.Debug|Any CPU.ActiveCfg = Debug|Any CPU
		{30F77C1F-5734-4AD3-96EE-68BDB7A65E37}.Debug|Any CPU.Build.0 = Debug|Any CPU
		{30F77C1F-5734-4AD3-96EE-68BDB7A65E37}.Release|Any CPU.ActiveCfg = Release|Any CPU
		{30F77C1F-5734-4AD3-96EE-68BDB7A65E37}.Release|Any CPU.Build.0 = Release|Any CPU
		{80EDBE1B-A267-48CD-8E75-58C27A36BD6D}.Debug|Any CPU.ActiveCfg = Debug|Any CPU
		{80EDBE1B-A267-48CD-8E75-58C27A36BD6D}.Debug|Any CPU.Build.0 = Debug|Any CPU
		{80EDBE1B-A267-48CD-8E75-58C27A36BD6D}.Release|Any CPU.ActiveCfg = Release|Any CPU
		{80EDBE1B-A267-48CD-8E75-58C27A36BD6D}.Release|Any CPU.Build.0 = Release|Any CPU
	EndGlobalSection
	GlobalSection(SolutionProperties) = preSolution
		HideSolutionNode = FALSE
	EndGlobalSection
	GlobalSection(ExtensibilityGlobals) = postSolution
		SolutionGuid = {CC4FDFF8-5445-40F7-9809-A1120B130443}
	EndGlobalSection
EndGlobal
