
Microsoft Visual Studio Solution File, Format Version 12.00
# Visual Studio Version 16
VisualStudioVersion = 16.0.29920.165
MinimumVisualStudioVersion = 10.0.40219.1
Project("{2150E333-8FDC-42A3-9474-1A3956D46DE8}") = "Config", "Config", "{E5A88C22-BCCB-4072-BA86-484095D42C41}"
EndProject
Project("{2150E333-8FDC-42A3-9474-1A3956D46DE8}") = "Program", "Program", "{0C7DB704-A8DC-43C0-B9BE-1D0DCBE66E87}"
EndProject
Project("{FAE04EC0-301F-11D3-BF4B-00C04F79EFBC}") = "ClientUtils", "ClientUtils\ClientUtils.csproj", "{19BA5AAA-2373-4807-B207-C88C48517264}"
EndProject
Project("{FAE04EC0-301F-11D3-BF4B-00C04F79EFBC}") = "CLine", "Config\CLine\CLine.csproj", "{30F77C1F-5734-4AD3-96EE-68BDB7A65E37}"
EndProject
Project("{FAE04EC0-301F-11D3-BF4B-00C04F79EFBC}") = "CRoute", "Config\Route\CRoute.csproj", "{630AA89B-A5CC-4CEA-8DE5-C2E721A38013}"
EndProject
Project("{FAE04EC0-301F-11D3-BF4B-00C04F79EFBC}") = "CTerminal", "Config\Terminal\CTerminal.csproj", "{80EDBE1B-A267-48CD-8E75-58C27A36BD6D}"
EndProject
Project("{FAE04EC0-301F-11D3-BF4B-00C04F79EFBC}") = "RePack", "Program\RePack\RePack.csproj", "{D3412CFB-B38F-4421-9409-3D7948AF711C}"
EndProject
Project("{FAE04EC0-301F-11D3-BF4B-00C04F79EFBC}") = "Split", "Program\Split\Split.csproj", "{4BEF79DF-B9E4-4DB6-9F02-637BF1903D34}"
EndProject
Project("{FAE04EC0-301F-11D3-BF4B-00C04F79EFBC}") = "Stock_Out", "Program\Stock_Out\Stock_Out.csproj", "{0908FEB5-20FC-4CBD-8148-76F85D74EE07}"
EndProject
Project("{FAE04EC0-301F-11D3-BF4B-00C04F79EFBC}") = "Stock_In", "Program\Stock_In\Stock_In.csproj", "{9499877C-2B9E-4D04-BAB4-9A229C329440}"
EndProject
Project("{FAE04EC0-301F-11D3-BF4B-00C04F79EFBC}") = "WIP", "WIP\WIP.csproj", "{108D7F2D-43A6-4C6D-8370-FFF8FB480A8D}"
EndProject
Project("{FAE04EC0-301F-11D3-BF4B-00C04F79EFBC}") = "Check", "Check\Check.csproj", "{A9B4BA8D-06B4-411E-B74C-4F443791CBD7}"
EndProject
Project("{2150E333-8FDC-42A3-9474-1A3956D46DE8}") = "Utils", "Utils", "{7E779840-E2A8-4F21-810A-BE8A5E2C5A6E}"
EndProject
Project("{FAE04EC0-301F-11D3-BF4B-00C04F79EFBC}") = "RemoteService", "RemoteService\RemoteService.csproj", "{134AC830-DD95-4823-8CDD-0D103D25FD92}"
EndProject
Project("{FAE04EC0-301F-11D3-BF4B-00C04F79EFBC}") = "MESModel", "MESModel\MESModel.csproj", "{9AD33FD3-ABB3-41A4-8E34-EAFC2FA61E5A}"
EndProject
Project("{FAE04EC0-301F-11D3-BF4B-00C04F79EFBC}") = "SysInfo", "SysInfo\SysInfo.csproj", "{754B8FF2-D46F-4F95-966B-E8601F73823A}"
EndProject
Project("{FAE04EC0-301F-11D3-BF4B-00C04F79EFBC}") = "MESDataLayer", "MESDataLayer\MESDataLayer.csproj", "{FB099A74-D3F9-4442-93DC-979BF336AC02}"
EndProject
Project("{FAE04EC0-301F-11D3-BF4B-00C04F79EFBC}") = "ClientStatus", "ClientStatus\ClientStatus.csproj", "{EA5DB944-2726-4283-A0A0-38D35B8BE8B3}"
EndProject
Global
	GlobalSection(SolutionConfigurationPlatforms) = preSolution
		Debug|Any CPU = Debug|Any CPU
		Release|Any CPU = Release|Any CPU
	EndGlobalSection
	GlobalSection(ProjectConfigurationPlatforms) = postSolution
		{19BA5AAA-2373-4807-B207-C88C48517264}.Debug|Any CPU.ActiveCfg = Debug|Any CPU
		{19BA5AAA-2373-4807-B207-C88C48517264}.Debug|Any CPU.Build.0 = Debug|Any CPU
		{19BA5AAA-2373-4807-B207-C88C48517264}.Release|Any CPU.ActiveCfg = Release|Any CPU
		{19BA5AAA-2373-4807-B207-C88C48517264}.Release|Any CPU.Build.0 = Release|Any CPU
		{30F77C1F-5734-4AD3-96EE-68BDB7A65E37}.Debug|Any CPU.ActiveCfg = Debug|Any CPU
		{30F77C1F-5734-4AD3-96EE-68BDB7A65E37}.Debug|Any CPU.Build.0 = Debug|Any CPU
		{30F77C1F-5734-4AD3-96EE-68BDB7A65E37}.Release|Any CPU.ActiveCfg = Release|Any CPU
		{30F77C1F-5734-4AD3-96EE-68BDB7A65E37}.Release|Any CPU.Build.0 = Release|Any CPU
		{630AA89B-A5CC-4CEA-8DE5-C2E721A38013}.Debug|Any CPU.ActiveCfg = Debug|Any CPU
		{630AA89B-A5CC-4CEA-8DE5-C2E721A38013}.Debug|Any CPU.Build.0 = Debug|Any CPU
		{630AA89B-A5CC-4CEA-8DE5-C2E721A38013}.Release|Any CPU.ActiveCfg = Release|Any CPU
		{630AA89B-A5CC-4CEA-8DE5-C2E721A38013}.Release|Any CPU.Build.0 = Release|Any CPU
		{80EDBE1B-A267-48CD-8E75-58C27A36BD6D}.Debug|Any CPU.ActiveCfg = Debug|Any CPU
		{80EDBE1B-A267-48CD-8E75-58C27A36BD6D}.Debug|Any CPU.Build.0 = Debug|Any CPU
		{80EDBE1B-A267-48CD-8E75-58C27A36BD6D}.Release|Any CPU.ActiveCfg = Release|Any CPU
		{80EDBE1B-A267-48CD-8E75-58C27A36BD6D}.Release|Any CPU.Build.0 = Release|Any CPU
		{D3412CFB-B38F-4421-9409-3D7948AF711C}.Debug|Any CPU.ActiveCfg = Debug|Any CPU
		{D3412CFB-B38F-4421-9409-3D7948AF711C}.Debug|Any CPU.Build.0 = Debug|Any CPU
		{D3412CFB-B38F-4421-9409-3D7948AF711C}.Release|Any CPU.ActiveCfg = Release|Any CPU
		{D3412CFB-B38F-4421-9409-3D7948AF711C}.Release|Any CPU.Build.0 = Release|Any CPU
		{4BEF79DF-B9E4-4DB6-9F02-637BF1903D34}.Debug|Any CPU.ActiveCfg = Debug|Any CPU
		{4BEF79DF-B9E4-4DB6-9F02-637BF1903D34}.Debug|Any CPU.Build.0 = Debug|Any CPU
		{4BEF79DF-B9E4-4DB6-9F02-637BF1903D34}.Release|Any CPU.ActiveCfg = Release|Any CPU
		{4BEF79DF-B9E4-4DB6-9F02-637BF1903D34}.Release|Any CPU.Build.0 = Release|Any CPU
		{0908FEB5-20FC-4CBD-8148-76F85D74EE07}.Debug|Any CPU.ActiveCfg = Debug|Any CPU
		{0908FEB5-20FC-4CBD-8148-76F85D74EE07}.Debug|Any CPU.Build.0 = Debug|Any CPU
		{0908FEB5-20FC-4CBD-8148-76F85D74EE07}.Release|Any CPU.ActiveCfg = Release|Any CPU
		{0908FEB5-20FC-4CBD-8148-76F85D74EE07}.Release|Any CPU.Build.0 = Release|Any CPU
		{9499877C-2B9E-4D04-BAB4-9A229C329440}.Debug|Any CPU.ActiveCfg = Debug|Any CPU
		{9499877C-2B9E-4D04-BAB4-9A229C329440}.Debug|Any CPU.Build.0 = Debug|Any CPU
		{9499877C-2B9E-4D04-BAB4-9A229C329440}.Release|Any CPU.ActiveCfg = Release|Any CPU
		{9499877C-2B9E-4D04-BAB4-9A229C329440}.Release|Any CPU.Build.0 = Release|Any CPU
		{108D7F2D-43A6-4C6D-8370-FFF8FB480A8D}.Debug|Any CPU.ActiveCfg = Debug|Any CPU
		{108D7F2D-43A6-4C6D-8370-FFF8FB480A8D}.Debug|Any CPU.Build.0 = Debug|Any CPU
		{108D7F2D-43A6-4C6D-8370-FFF8FB480A8D}.Release|Any CPU.ActiveCfg = Release|Any CPU
		{108D7F2D-43A6-4C6D-8370-FFF8FB480A8D}.Release|Any CPU.Build.0 = Release|Any CPU
		{A9B4BA8D-06B4-411E-B74C-4F443791CBD7}.Debug|Any CPU.ActiveCfg = Debug|Any CPU
		{A9B4BA8D-06B4-411E-B74C-4F443791CBD7}.Debug|Any CPU.Build.0 = Debug|Any CPU
		{A9B4BA8D-06B4-411E-B74C-4F443791CBD7}.Release|Any CPU.ActiveCfg = Release|Any CPU
		{A9B4BA8D-06B4-411E-B74C-4F443791CBD7}.Release|Any CPU.Build.0 = Release|Any CPU
		{134AC830-DD95-4823-8CDD-0D103D25FD92}.Debug|Any CPU.ActiveCfg = Debug|Any CPU
		{134AC830-DD95-4823-8CDD-0D103D25FD92}.Debug|Any CPU.Build.0 = Debug|Any CPU
		{134AC830-DD95-4823-8CDD-0D103D25FD92}.Release|Any CPU.ActiveCfg = Release|Any CPU
		{134AC830-DD95-4823-8CDD-0D103D25FD92}.Release|Any CPU.Build.0 = Release|Any CPU
		{9AD33FD3-ABB3-41A4-8E34-EAFC2FA61E5A}.Debug|Any CPU.ActiveCfg = Debug|Any CPU
		{9AD33FD3-ABB3-41A4-8E34-EAFC2FA61E5A}.Debug|Any CPU.Build.0 = Debug|Any CPU
		{9AD33FD3-ABB3-41A4-8E34-EAFC2FA61E5A}.Release|Any CPU.ActiveCfg = Release|Any CPU
		{9AD33FD3-ABB3-41A4-8E34-EAFC2FA61E5A}.Release|Any CPU.Build.0 = Release|Any CPU
		{754B8FF2-D46F-4F95-966B-E8601F73823A}.Debug|Any CPU.ActiveCfg = Debug|Any CPU
		{754B8FF2-D46F-4F95-966B-E8601F73823A}.Debug|Any CPU.Build.0 = Debug|Any CPU
		{754B8FF2-D46F-4F95-966B-E8601F73823A}.Release|Any CPU.ActiveCfg = Release|Any CPU
		{754B8FF2-D46F-4F95-966B-E8601F73823A}.Release|Any CPU.Build.0 = Release|Any CPU
		{FB099A74-D3F9-4442-93DC-979BF336AC02}.Debug|Any CPU.ActiveCfg = Debug|Any CPU
		{FB099A74-D3F9-4442-93DC-979BF336AC02}.Debug|Any CPU.Build.0 = Debug|Any CPU
		{FB099A74-D3F9-4442-93DC-979BF336AC02}.Release|Any CPU.ActiveCfg = Release|Any CPU
		{FB099A74-D3F9-4442-93DC-979BF336AC02}.Release|Any CPU.Build.0 = Release|Any CPU
		{EA5DB944-2726-4283-A0A0-38D35B8BE8B3}.Debug|Any CPU.ActiveCfg = Debug|Any CPU
		{EA5DB944-2726-4283-A0A0-38D35B8BE8B3}.Debug|Any CPU.Build.0 = Debug|Any CPU
		{EA5DB944-2726-4283-A0A0-38D35B8BE8B3}.Release|Any CPU.ActiveCfg = Release|Any CPU
		{EA5DB944-2726-4283-A0A0-38D35B8BE8B3}.Release|Any CPU.Build.0 = Release|Any CPU
	EndGlobalSection
	GlobalSection(SolutionProperties) = preSolution
		HideSolutionNode = FALSE
	EndGlobalSection
	GlobalSection(NestedProjects) = preSolution
		{19BA5AAA-2373-4807-B207-C88C48517264} = {7E779840-E2A8-4F21-810A-BE8A5E2C5A6E}
		{30F77C1F-5734-4AD3-96EE-68BDB7A65E37} = {E5A88C22-BCCB-4072-BA86-484095D42C41}
		{630AA89B-A5CC-4CEA-8DE5-C2E721A38013} = {E5A88C22-BCCB-4072-BA86-484095D42C41}
		{80EDBE1B-A267-48CD-8E75-58C27A36BD6D} = {E5A88C22-BCCB-4072-BA86-484095D42C41}
		{D3412CFB-B38F-4421-9409-3D7948AF711C} = {0C7DB704-A8DC-43C0-B9BE-1D0DCBE66E87}
		{4BEF79DF-B9E4-4DB6-9F02-637BF1903D34} = {0C7DB704-A8DC-43C0-B9BE-1D0DCBE66E87}
		{0908FEB5-20FC-4CBD-8148-76F85D74EE07} = {0C7DB704-A8DC-43C0-B9BE-1D0DCBE66E87}
		{9499877C-2B9E-4D04-BAB4-9A229C329440} = {0C7DB704-A8DC-43C0-B9BE-1D0DCBE66E87}
		{108D7F2D-43A6-4C6D-8370-FFF8FB480A8D} = {0C7DB704-A8DC-43C0-B9BE-1D0DCBE66E87}
		{A9B4BA8D-06B4-411E-B74C-4F443791CBD7} = {0C7DB704-A8DC-43C0-B9BE-1D0DCBE66E87}
		{134AC830-DD95-4823-8CDD-0D103D25FD92} = {7E779840-E2A8-4F21-810A-BE8A5E2C5A6E}
		{9AD33FD3-ABB3-41A4-8E34-EAFC2FA61E5A} = {7E779840-E2A8-4F21-810A-BE8A5E2C5A6E}
		{754B8FF2-D46F-4F95-966B-E8601F73823A} = {7E779840-E2A8-4F21-810A-BE8A5E2C5A6E}
		{FB099A74-D3F9-4442-93DC-979BF336AC02} = {7E779840-E2A8-4F21-810A-BE8A5E2C5A6E}
		{EA5DB944-2726-4283-A0A0-38D35B8BE8B3} = {7E779840-E2A8-4F21-810A-BE8A5E2C5A6E}
	EndGlobalSection
	GlobalSection(ExtensibilityGlobals) = postSolution
		SolutionGuid = {669CCD23-E7EF-4C4A-ACB5-18224DD46388}
	EndGlobalSection
EndGlobal
