
Microsoft Visual Studio Solution File, Format Version 12.00
# Visual Studio 2012
Project("{F14B399A-7131-4C87-9E4B-1186C45EF12D}") = "VN_EDI_Report", "VN_EDI_Report\VN_EDI_Report.rptproj", "{66684945-5EE4-48BB-BA63-DC6CF21EF588}"
EndProject
Global
	GlobalSection(SolutionConfigurationPlatforms) = preSolution
		Debug|Default = Debug|Default
		DebugLocal|Default = DebugLocal|Default
		Release|Default = Release|Default
	EndGlobalSection
	GlobalSection(ProjectConfigurationPlatforms) = postSolution
		{66684945-5EE4-48BB-BA63-DC6CF21EF588}.Debug|Default.ActiveCfg = Debug
		{66684945-5EE4-48BB-BA63-DC6CF21EF588}.Debug|Default.Build.0 = Debug
		{66684945-5EE4-48BB-BA63-DC6CF21EF588}.Debug|Default.Deploy.0 = Debug
		{66684945-5EE4-48BB-BA63-DC6CF21EF588}.DebugLocal|Default.ActiveCfg = DebugLocal
		{66684945-5EE4-48BB-BA63-DC6CF21EF588}.DebugLocal|Default.Build.0 = DebugLocal
		{66684945-5EE4-48BB-BA63-DC6CF21EF588}.DebugLocal|Default.Deploy.0 = DebugLocal
		{66684945-5EE4-48BB-BA63-DC6CF21EF588}.Release|Default.ActiveCfg = Release
		{66684945-5EE4-48BB-BA63-DC6CF21EF588}.Release|Default.Build.0 = Release
		{66684945-5EE4-48BB-BA63-DC6CF21EF588}.Release|Default.Deploy.0 = Release
	EndGlobalSection
	GlobalSection(SolutionProperties) = preSolution
		HideSolutionNode = FALSE
	EndGlobalSection
EndGlobal
