
Microsoft Visual Studio Solution File, Format Version 12.00
# Visual Studio Version 16
VisualStudioVersion = 16.0.29418.71
MinimumVisualStudioVersion = 10.0.40219.1
Project("{2150E333-8FDC-42A3-9474-1A3956D46DE8}") = "Shipping", "Shipping", "{E1325558-AB53-4A6C-B557-E124CC3312E0}"
EndProject
Project("{FAE04EC0-301F-11D3-BF4B-00C04F79EFBC}") = "AutoAssignSID", "Shipping\AutoAssignSID\AutoAssignSID.csproj", "{1CF411AB-1B9C-465D-8151-9A49116DF08D}"
EndProject
Project("{2150E333-8FDC-42A3-9474-1A3956D46DE8}") = "Common", "Common", "{B8619DAE-1408-401D-B719-360D6392A1C5}"
EndProject
Project("{FAE04EC0-301F-11D3-BF4B-00C04F79EFBC}") = "CRReport", "Common\CRReport\CRReport.csproj", "{0D8E3DC0-AF54-4332-AB44-15EF770B4ABD}"
EndProject
Project("{FAE04EC0-301F-11D3-BF4B-00C04F79EFBC}") = "LibHelper", "Common\LibHelper\LibHelper.csproj", "{504FC282-31B5-4A4F-B76F-8FBEF4D9E656}"
EndProject
Project("{FAE04EC0-301F-11D3-BF4B-00C04F79EFBC}") = "Reverse", "Common\Reserve\Reverse.csproj", "{9DE7D1F8-4DB5-455A-B004-7BB855F0B1B4}"
EndProject
Project("{FAE04EC0-301F-11D3-BF4B-00C04F79EFBC}") = "Write_ReaderTxt", "Common\Write_ReaderTxt\Write_ReaderTxt.csproj", "{1198F0C0-88AD-4549-B54F-9C5502B6A94F}"
EndProject
Project("{FAE04EC0-301F-11D3-BF4B-00C04F79EFBC}") = "InPaShippingLabel", "Common\InPaShippingLabel\InPaShippingLabel.csproj", "{B90CFEA3-781A-4F82-9053-5162007889EB}"
EndProject
Project("{FAE04EC0-301F-11D3-BF4B-00C04F79EFBC}") = "PrintShippingPalletLabel", "Common\PrintShippingPalletLabel\PrintShippingPalletLabel.csproj", "{AFF1CE85-4F10-429C-9927-041B934CDA84}"
EndProject
Project("{FAE04EC0-301F-11D3-BF4B-00C04F79EFBC}") = "PTTWebServices", "Common\PTTWebServices\PTTWebServices.csproj", "{D6CC911B-90AC-4548-9D8A-F8D79270D115}"
EndProject
Project("{FAE04EC0-301F-11D3-BF4B-00C04F79EFBC}") = "Sentdirectedi", "Common\Sentdirectedi\Sentdirectedi.csproj", "{B1C5BDD8-EDEC-4A7D-82C9-97718566C3C6}"
EndProject
Project("{FAE04EC0-301F-11D3-BF4B-00C04F79EFBC}") = "Sentedi", "Common\Sentedi\Sentedi.csproj", "{196851C3-E873-473F-B8FD-90AD7658997D}"
EndProject
Project("{FAE04EC0-301F-11D3-BF4B-00C04F79EFBC}") = "Check", "Shipping\Check\Check.csproj", "{45913BD3-AE5E-457B-92B9-8FBA0B84D421}"
EndProject
Project("{FAE04EC0-301F-11D3-BF4B-00C04F79EFBC}") = "CustomExport", "Shipping\CustomExport\CustomExport.csproj", "{6D71911F-82DC-4941-86FF-389A134E67DF}"
EndProject
Project("{FAE04EC0-301F-11D3-BF4B-00C04F79EFBC}") = "Pack", "Shipping\Pack\Pack.csproj", "{DDFAA42D-E0D2-4337-A52C-E192ECFE2240}"
EndProject
Project("{FAE04EC0-301F-11D3-BF4B-00C04F79EFBC}") = "PackLogic", "Shipping\PackLogic\PackLogic.csproj", "{BBA09764-24CA-4ACB-8119-24C13ED7A146}"
EndProject
Project("{FAE04EC0-301F-11D3-BF4B-00C04F79EFBC}") = "PickList", "Shipping\Pick\PickList.csproj", "{139E4CA7-0BFE-4219-BEAF-27D272CE03E6}"
EndProject
Project("{FAE04EC0-301F-11D3-BF4B-00C04F79EFBC}") = "QHold", "Shipping\QHold\QHold.csproj", "{23A911C2-37B5-430A-9D4E-68331EAA7349}"
EndProject
Project("{FAE04EC0-301F-11D3-BF4B-00C04F79EFBC}") = "RollbackDN", "Shipping\RollbackDN\RollbackDN.csproj", "{9916387B-2F00-4C51-AF0D-10B2BCE4419C}"
EndProject
Project("{FAE04EC0-301F-11D3-BF4B-00C04F79EFBC}") = "SecurityCheck", "Shipping\SecurityCheck\SecurityCheck.csproj", "{F464939A-60A3-42C4-AD23-97842ED1F544}"
EndProject
Project("{FAE04EC0-301F-11D3-BF4B-00C04F79EFBC}") = "Shipment", "Shipping\Shipment\Shipment.csproj", "{A6A35B62-A13D-47BE-8229-DE7F214CDA4A}"
EndProject
Project("{FAE04EC0-301F-11D3-BF4B-00C04F79EFBC}") = "UpLoad856", "Shipping\UpLoad856\UpLoad856.csproj", "{478EA557-4A55-466C-9951-E6CF49C62837}"
EndProject
Project("{FAE04EC0-301F-11D3-BF4B-00C04F79EFBC}") = "Weight", "Shipping\Weight\Weight.csproj", "{0AAF8AF0-2B01-49A6-9023-56C6243216BF}"
EndProject
Project("{FAE04EC0-301F-11D3-BF4B-00C04F79EFBC}") = "wmsReport", "Shipping\wmsReport\wmsReport.csproj", "{A4246FBD-E2AB-412F-8C90-1D3CCFDBC335}"
EndProject
Project("{FAE04EC0-301F-11D3-BF4B-00C04F79EFBC}") = "WMSTransIN", "Shipping\WMSTransIN\WMSTransIN.csproj", "{68F8E766-5556-4408-962E-FF1C46B92E20}"
EndProject
Project("{FAE04EC0-301F-11D3-BF4B-00C04F79EFBC}") = "MESModel", "Common\MESModel\MESModel.csproj", "{A88BEEBE-5D77-4321-8186-658A208E2FAA}"
EndProject
Project("{FAE04EC0-301F-11D3-BF4B-00C04F79EFBC}") = "ClientUtils", "..\ClientUtils\ClientUtils.csproj", "{19BA5AAA-2373-4807-B207-C88C48517264}"
EndProject
Project("{2150E333-8FDC-42A3-9474-1A3956D46DE8}") = "DataCenter", "DataCenter", "{3B0B5078-3954-47AA-B605-AE57F5C01C2C}"
EndProject
Project("{FAE04EC0-301F-11D3-BF4B-00C04F79EFBC}") = "CRole", "..\DataCenter\CROLE_1.0.0.7\CRole.csproj", "{7607EA01-A25D-43B1-93F3-BEDF8A653A65}"
EndProject
Project("{FAE04EC0-301F-11D3-BF4B-00C04F79EFBC}") = "CDept", "..\DataCenter\Department_1.0.0.2\CDept.csproj", "{8406361A-1667-4EC3-8E70-72E121B4ED27}"
EndProject
Project("{FAE04EC0-301F-11D3-BF4B-00C04F79EFBC}") = "CEmp", "..\DataCenter\Employee_1.0.0.3\CEmp.csproj", "{50022537-57AC-4048-B8EB-6490E959AC9B}"
EndProject
Project("{FAE04EC0-301F-11D3-BF4B-00C04F79EFBC}") = "PPSMESConnection", "PPSMESConnection\PPSMESConnection.csproj", "{21B633B3-DE4B-4039-AC16-D0D96015C718}"
EndProject
Project("{FAE04EC0-301F-11D3-BF4B-00C04F79EFBC}") = "cWHConfig", "..\DataCenter\cWHConfig\cWHConfig.csproj", "{F2D4C917-972D-4988-8073-D80936E43D4F}"
EndProject
Project("{FAE04EC0-301F-11D3-BF4B-00C04F79EFBC}") = "CarrierWCF", "CarrierWCF\CarrierWCF.csproj", "{B6636C06-6DCC-43D6-B950-1C1E458AA1E0}"
EndProject
Project("{FAE04EC0-301F-11D3-BF4B-00C04F79EFBC}") = "DBTools", "DBTools\DBTools.csproj", "{00800D9B-E70A-4E64-8DDC-295118E2D412}"
EndProject
Project("{2150E333-8FDC-42A3-9474-1A3956D46DE8}") = "NONEDIPPS", "NONEDIPPS", "{E5D7593E-1C01-4FB3-93B1-31F2535CD3B8}"
EndProject
Project("{FAE04EC0-301F-11D3-BF4B-00C04F79EFBC}") = "CheckAC", "NONEDIPPS\CheckAC\CheckAC.csproj", "{09B098A2-B0BD-4D70-95F2-9DFF6F7C7D50}"
EndProject
Project("{FAE04EC0-301F-11D3-BF4B-00C04F79EFBC}") = "LibHelperAC", "NONEDIPPS\LibHelperAC\LibHelperAC.csproj", "{F1BE51BB-42F3-480C-8296-53982EB36221}"
EndProject
Project("{FAE04EC0-301F-11D3-BF4B-00C04F79EFBC}") = "PickListAC", "NONEDIPPS\PickAC\PickListAC.csproj", "{3842501D-B30D-4513-AB96-8FA807604865}"
EndProject
Project("{FAE04EC0-301F-11D3-BF4B-00C04F79EFBC}") = "ReverseAC", "NONEDIPPS\ReserveAC\ReverseAC.csproj", "{ADCB2C40-3BA3-4158-859C-BB9934E0DEC1}"
EndProject
Project("{FAE04EC0-301F-11D3-BF4B-00C04F79EFBC}") = "ShipmentAC", "NONEDIPPS\ShipmentAC\ShipmentAC.csproj", "{1D3A8269-7E69-4126-A3D0-2829FDB2DC4F}"
EndProject
Project("{FAE04EC0-301F-11D3-BF4B-00C04F79EFBC}") = "StockInAC", "NONEDIPPS\StockInAC\StockInAC.csproj", "{EE87BD51-A117-4064-BC16-D9360A717EA0}"
EndProject
Project("{FAE04EC0-301F-11D3-BF4B-00C04F79EFBC}") = "WeightAC", "NONEDIPPS\WeightAC\WeightAC.csproj", "{04DBC25C-909D-43EB-A40B-34B8E515F411}"
EndProject
Project("{FAE04EC0-301F-11D3-BF4B-00C04F79EFBC}") = "wmsReportAC", "NONEDIPPS\wmsReportAC\wmsReportAC.csproj", "{EE6CF8CE-1C04-4ACF-84FE-68B366B44821}"
EndProject
Project("{FAE04EC0-301F-11D3-BF4B-00C04F79EFBC}") = "UpLoad856AC", "NONEDIPPS\Upload856AC\UpLoad856AC.csproj", "{CADAFD9F-312B-4BB4-A965-36724DACA32D}"
EndProject
Global
	GlobalSection(SolutionConfigurationPlatforms) = preSolution
		Debug|Any CPU = Debug|Any CPU
		Debug|x64 = Debug|x64
		Debug|x86 = Debug|x86
		Release|Any CPU = Release|Any CPU
		Release|x64 = Release|x64
		Release|x86 = Release|x86
	EndGlobalSection
	GlobalSection(ProjectConfigurationPlatforms) = postSolution
		{1CF411AB-1B9C-465D-8151-9A49116DF08D}.Debug|Any CPU.ActiveCfg = Debug|Any CPU
		{1CF411AB-1B9C-465D-8151-9A49116DF08D}.Debug|Any CPU.Build.0 = Debug|Any CPU
		{1CF411AB-1B9C-465D-8151-9A49116DF08D}.Debug|x64.ActiveCfg = Debug|Any CPU
		{1CF411AB-1B9C-465D-8151-9A49116DF08D}.Debug|x64.Build.0 = Debug|Any CPU
		{1CF411AB-1B9C-465D-8151-9A49116DF08D}.Debug|x86.ActiveCfg = Debug|Any CPU
		{1CF411AB-1B9C-465D-8151-9A49116DF08D}.Debug|x86.Build.0 = Debug|Any CPU
		{1CF411AB-1B9C-465D-8151-9A49116DF08D}.Release|Any CPU.ActiveCfg = Release|Any CPU
		{1CF411AB-1B9C-465D-8151-9A49116DF08D}.Release|Any CPU.Build.0 = Release|Any CPU
		{1CF411AB-1B9C-465D-8151-9A49116DF08D}.Release|x64.ActiveCfg = Release|Any CPU
		{1CF411AB-1B9C-465D-8151-9A49116DF08D}.Release|x64.Build.0 = Release|Any CPU
		{1CF411AB-1B9C-465D-8151-9A49116DF08D}.Release|x86.ActiveCfg = Release|Any CPU
		{1CF411AB-1B9C-465D-8151-9A49116DF08D}.Release|x86.Build.0 = Release|Any CPU
		{0D8E3DC0-AF54-4332-AB44-15EF770B4ABD}.Debug|Any CPU.ActiveCfg = Debug|Any CPU
		{0D8E3DC0-AF54-4332-AB44-15EF770B4ABD}.Debug|Any CPU.Build.0 = Debug|Any CPU
		{0D8E3DC0-AF54-4332-AB44-15EF770B4ABD}.Debug|x64.ActiveCfg = Debug|x64
		{0D8E3DC0-AF54-4332-AB44-15EF770B4ABD}.Debug|x64.Build.0 = Debug|x64
		{0D8E3DC0-AF54-4332-AB44-15EF770B4ABD}.Debug|x86.ActiveCfg = Debug|x86
		{0D8E3DC0-AF54-4332-AB44-15EF770B4ABD}.Debug|x86.Build.0 = Debug|x86
		{0D8E3DC0-AF54-4332-AB44-15EF770B4ABD}.Release|Any CPU.ActiveCfg = Release|Any CPU
		{0D8E3DC0-AF54-4332-AB44-15EF770B4ABD}.Release|Any CPU.Build.0 = Release|Any CPU
		{0D8E3DC0-AF54-4332-AB44-15EF770B4ABD}.Release|x64.ActiveCfg = Release|x64
		{0D8E3DC0-AF54-4332-AB44-15EF770B4ABD}.Release|x64.Build.0 = Release|x64
		{0D8E3DC0-AF54-4332-AB44-15EF770B4ABD}.Release|x86.ActiveCfg = Release|x86
		{0D8E3DC0-AF54-4332-AB44-15EF770B4ABD}.Release|x86.Build.0 = Release|x86
		{504FC282-31B5-4A4F-B76F-8FBEF4D9E656}.Debug|Any CPU.ActiveCfg = Debug|Any CPU
		{504FC282-31B5-4A4F-B76F-8FBEF4D9E656}.Debug|Any CPU.Build.0 = Debug|Any CPU
		{504FC282-31B5-4A4F-B76F-8FBEF4D9E656}.Debug|x64.ActiveCfg = Debug|Any CPU
		{504FC282-31B5-4A4F-B76F-8FBEF4D9E656}.Debug|x64.Build.0 = Debug|Any CPU
		{504FC282-31B5-4A4F-B76F-8FBEF4D9E656}.Debug|x86.ActiveCfg = Debug|Any CPU
		{504FC282-31B5-4A4F-B76F-8FBEF4D9E656}.Debug|x86.Build.0 = Debug|Any CPU
		{504FC282-31B5-4A4F-B76F-8FBEF4D9E656}.Release|Any CPU.ActiveCfg = Release|Any CPU
		{504FC282-31B5-4A4F-B76F-8FBEF4D9E656}.Release|Any CPU.Build.0 = Release|Any CPU
		{504FC282-31B5-4A4F-B76F-8FBEF4D9E656}.Release|x64.ActiveCfg = Release|Any CPU
		{504FC282-31B5-4A4F-B76F-8FBEF4D9E656}.Release|x64.Build.0 = Release|Any CPU
		{504FC282-31B5-4A4F-B76F-8FBEF4D9E656}.Release|x86.ActiveCfg = Release|Any CPU
		{504FC282-31B5-4A4F-B76F-8FBEF4D9E656}.Release|x86.Build.0 = Release|Any CPU
		{9DE7D1F8-4DB5-455A-B004-7BB855F0B1B4}.Debug|Any CPU.ActiveCfg = Debug|Any CPU
		{9DE7D1F8-4DB5-455A-B004-7BB855F0B1B4}.Debug|Any CPU.Build.0 = Debug|Any CPU
		{9DE7D1F8-4DB5-455A-B004-7BB855F0B1B4}.Debug|x64.ActiveCfg = Debug|Any CPU
		{9DE7D1F8-4DB5-455A-B004-7BB855F0B1B4}.Debug|x64.Build.0 = Debug|Any CPU
		{9DE7D1F8-4DB5-455A-B004-7BB855F0B1B4}.Debug|x86.ActiveCfg = Debug|Any CPU
		{9DE7D1F8-4DB5-455A-B004-7BB855F0B1B4}.Debug|x86.Build.0 = Debug|Any CPU
		{9DE7D1F8-4DB5-455A-B004-7BB855F0B1B4}.Release|Any CPU.ActiveCfg = Release|Any CPU
		{9DE7D1F8-4DB5-455A-B004-7BB855F0B1B4}.Release|Any CPU.Build.0 = Release|Any CPU
		{9DE7D1F8-4DB5-455A-B004-7BB855F0B1B4}.Release|x64.ActiveCfg = Release|Any CPU
		{9DE7D1F8-4DB5-455A-B004-7BB855F0B1B4}.Release|x64.Build.0 = Release|Any CPU
		{9DE7D1F8-4DB5-455A-B004-7BB855F0B1B4}.Release|x86.ActiveCfg = Release|Any CPU
		{9DE7D1F8-4DB5-455A-B004-7BB855F0B1B4}.Release|x86.Build.0 = Release|Any CPU
		{1198F0C0-88AD-4549-B54F-9C5502B6A94F}.Debug|Any CPU.ActiveCfg = Debug|Any CPU
		{1198F0C0-88AD-4549-B54F-9C5502B6A94F}.Debug|Any CPU.Build.0 = Debug|Any CPU
		{1198F0C0-88AD-4549-B54F-9C5502B6A94F}.Debug|x64.ActiveCfg = Debug|Any CPU
		{1198F0C0-88AD-4549-B54F-9C5502B6A94F}.Debug|x64.Build.0 = Debug|Any CPU
		{1198F0C0-88AD-4549-B54F-9C5502B6A94F}.Debug|x86.ActiveCfg = Debug|Any CPU
		{1198F0C0-88AD-4549-B54F-9C5502B6A94F}.Debug|x86.Build.0 = Debug|Any CPU
		{1198F0C0-88AD-4549-B54F-9C5502B6A94F}.Release|Any CPU.ActiveCfg = Release|Any CPU
		{1198F0C0-88AD-4549-B54F-9C5502B6A94F}.Release|Any CPU.Build.0 = Release|Any CPU
		{1198F0C0-88AD-4549-B54F-9C5502B6A94F}.Release|x64.ActiveCfg = Release|Any CPU
		{1198F0C0-88AD-4549-B54F-9C5502B6A94F}.Release|x64.Build.0 = Release|Any CPU
		{1198F0C0-88AD-4549-B54F-9C5502B6A94F}.Release|x86.ActiveCfg = Release|Any CPU
		{1198F0C0-88AD-4549-B54F-9C5502B6A94F}.Release|x86.Build.0 = Release|Any CPU
		{B90CFEA3-781A-4F82-9053-5162007889EB}.Debug|Any CPU.ActiveCfg = Debug|Any CPU
		{B90CFEA3-781A-4F82-9053-5162007889EB}.Debug|Any CPU.Build.0 = Debug|Any CPU
		{B90CFEA3-781A-4F82-9053-5162007889EB}.Debug|x64.ActiveCfg = Debug|Any CPU
		{B90CFEA3-781A-4F82-9053-5162007889EB}.Debug|x64.Build.0 = Debug|Any CPU
		{B90CFEA3-781A-4F82-9053-5162007889EB}.Debug|x86.ActiveCfg = Debug|Any CPU
		{B90CFEA3-781A-4F82-9053-5162007889EB}.Debug|x86.Build.0 = Debug|Any CPU
		{B90CFEA3-781A-4F82-9053-5162007889EB}.Release|Any CPU.ActiveCfg = Release|Any CPU
		{B90CFEA3-781A-4F82-9053-5162007889EB}.Release|Any CPU.Build.0 = Release|Any CPU
		{B90CFEA3-781A-4F82-9053-5162007889EB}.Release|x64.ActiveCfg = Release|Any CPU
		{B90CFEA3-781A-4F82-9053-5162007889EB}.Release|x64.Build.0 = Release|Any CPU
		{B90CFEA3-781A-4F82-9053-5162007889EB}.Release|x86.ActiveCfg = Release|Any CPU
		{B90CFEA3-781A-4F82-9053-5162007889EB}.Release|x86.Build.0 = Release|Any CPU
		{AFF1CE85-4F10-429C-9927-041B934CDA84}.Debug|Any CPU.ActiveCfg = Debug|Any CPU
		{AFF1CE85-4F10-429C-9927-041B934CDA84}.Debug|Any CPU.Build.0 = Debug|Any CPU
		{AFF1CE85-4F10-429C-9927-041B934CDA84}.Debug|x64.ActiveCfg = Debug|Any CPU
		{AFF1CE85-4F10-429C-9927-041B934CDA84}.Debug|x64.Build.0 = Debug|Any CPU
		{AFF1CE85-4F10-429C-9927-041B934CDA84}.Debug|x86.ActiveCfg = Debug|Any CPU
		{AFF1CE85-4F10-429C-9927-041B934CDA84}.Debug|x86.Build.0 = Debug|Any CPU
		{AFF1CE85-4F10-429C-9927-041B934CDA84}.Release|Any CPU.ActiveCfg = Release|Any CPU
		{AFF1CE85-4F10-429C-9927-041B934CDA84}.Release|Any CPU.Build.0 = Release|Any CPU
		{AFF1CE85-4F10-429C-9927-041B934CDA84}.Release|x64.ActiveCfg = Release|Any CPU
		{AFF1CE85-4F10-429C-9927-041B934CDA84}.Release|x64.Build.0 = Release|Any CPU
		{AFF1CE85-4F10-429C-9927-041B934CDA84}.Release|x86.ActiveCfg = Release|Any CPU
		{AFF1CE85-4F10-429C-9927-041B934CDA84}.Release|x86.Build.0 = Release|Any CPU
		{D6CC911B-90AC-4548-9D8A-F8D79270D115}.Debug|Any CPU.ActiveCfg = Debug|Any CPU
		{D6CC911B-90AC-4548-9D8A-F8D79270D115}.Debug|Any CPU.Build.0 = Debug|Any CPU
		{D6CC911B-90AC-4548-9D8A-F8D79270D115}.Debug|x64.ActiveCfg = Debug|Any CPU
		{D6CC911B-90AC-4548-9D8A-F8D79270D115}.Debug|x64.Build.0 = Debug|Any CPU
		{D6CC911B-90AC-4548-9D8A-F8D79270D115}.Debug|x86.ActiveCfg = Debug|Any CPU
		{D6CC911B-90AC-4548-9D8A-F8D79270D115}.Debug|x86.Build.0 = Debug|Any CPU
		{D6CC911B-90AC-4548-9D8A-F8D79270D115}.Release|Any CPU.ActiveCfg = Release|Any CPU
		{D6CC911B-90AC-4548-9D8A-F8D79270D115}.Release|Any CPU.Build.0 = Release|Any CPU
		{D6CC911B-90AC-4548-9D8A-F8D79270D115}.Release|x64.ActiveCfg = Release|Any CPU
		{D6CC911B-90AC-4548-9D8A-F8D79270D115}.Release|x64.Build.0 = Release|Any CPU
		{D6CC911B-90AC-4548-9D8A-F8D79270D115}.Release|x86.ActiveCfg = Release|Any CPU
		{D6CC911B-90AC-4548-9D8A-F8D79270D115}.Release|x86.Build.0 = Release|Any CPU
		{B1C5BDD8-EDEC-4A7D-82C9-97718566C3C6}.Debug|Any CPU.ActiveCfg = Debug|Any CPU
		{B1C5BDD8-EDEC-4A7D-82C9-97718566C3C6}.Debug|Any CPU.Build.0 = Debug|Any CPU
		{B1C5BDD8-EDEC-4A7D-82C9-97718566C3C6}.Debug|x64.ActiveCfg = Debug|Any CPU
		{B1C5BDD8-EDEC-4A7D-82C9-97718566C3C6}.Debug|x64.Build.0 = Debug|Any CPU
		{B1C5BDD8-EDEC-4A7D-82C9-97718566C3C6}.Debug|x86.ActiveCfg = Debug|Any CPU
		{B1C5BDD8-EDEC-4A7D-82C9-97718566C3C6}.Debug|x86.Build.0 = Debug|Any CPU
		{B1C5BDD8-EDEC-4A7D-82C9-97718566C3C6}.Release|Any CPU.ActiveCfg = Release|Any CPU
		{B1C5BDD8-EDEC-4A7D-82C9-97718566C3C6}.Release|Any CPU.Build.0 = Release|Any CPU
		{B1C5BDD8-EDEC-4A7D-82C9-97718566C3C6}.Release|x64.ActiveCfg = Release|Any CPU
		{B1C5BDD8-EDEC-4A7D-82C9-97718566C3C6}.Release|x64.Build.0 = Release|Any CPU
		{B1C5BDD8-EDEC-4A7D-82C9-97718566C3C6}.Release|x86.ActiveCfg = Release|Any CPU
		{B1C5BDD8-EDEC-4A7D-82C9-97718566C3C6}.Release|x86.Build.0 = Release|Any CPU
		{196851C3-E873-473F-B8FD-90AD7658997D}.Debug|Any CPU.ActiveCfg = Debug|Any CPU
		{196851C3-E873-473F-B8FD-90AD7658997D}.Debug|Any CPU.Build.0 = Debug|Any CPU
		{196851C3-E873-473F-B8FD-90AD7658997D}.Debug|x64.ActiveCfg = Debug|Any CPU
		{196851C3-E873-473F-B8FD-90AD7658997D}.Debug|x64.Build.0 = Debug|Any CPU
		{196851C3-E873-473F-B8FD-90AD7658997D}.Debug|x86.ActiveCfg = Debug|Any CPU
		{196851C3-E873-473F-B8FD-90AD7658997D}.Debug|x86.Build.0 = Debug|Any CPU
		{196851C3-E873-473F-B8FD-90AD7658997D}.Release|Any CPU.ActiveCfg = Release|Any CPU
		{196851C3-E873-473F-B8FD-90AD7658997D}.Release|Any CPU.Build.0 = Release|Any CPU
		{196851C3-E873-473F-B8FD-90AD7658997D}.Release|x64.ActiveCfg = Release|Any CPU
		{196851C3-E873-473F-B8FD-90AD7658997D}.Release|x64.Build.0 = Release|Any CPU
		{196851C3-E873-473F-B8FD-90AD7658997D}.Release|x86.ActiveCfg = Release|Any CPU
		{196851C3-E873-473F-B8FD-90AD7658997D}.Release|x86.Build.0 = Release|Any CPU
		{45913BD3-AE5E-457B-92B9-8FBA0B84D421}.Debug|Any CPU.ActiveCfg = Debug|Any CPU
		{45913BD3-AE5E-457B-92B9-8FBA0B84D421}.Debug|Any CPU.Build.0 = Debug|Any CPU
		{45913BD3-AE5E-457B-92B9-8FBA0B84D421}.Debug|x64.ActiveCfg = Debug|Any CPU
		{45913BD3-AE5E-457B-92B9-8FBA0B84D421}.Debug|x64.Build.0 = Debug|Any CPU
		{45913BD3-AE5E-457B-92B9-8FBA0B84D421}.Debug|x86.ActiveCfg = Debug|Any CPU
		{45913BD3-AE5E-457B-92B9-8FBA0B84D421}.Debug|x86.Build.0 = Debug|Any CPU
		{45913BD3-AE5E-457B-92B9-8FBA0B84D421}.Release|Any CPU.ActiveCfg = Release|Any CPU
		{45913BD3-AE5E-457B-92B9-8FBA0B84D421}.Release|Any CPU.Build.0 = Release|Any CPU
		{45913BD3-AE5E-457B-92B9-8FBA0B84D421}.Release|x64.ActiveCfg = Release|Any CPU
		{45913BD3-AE5E-457B-92B9-8FBA0B84D421}.Release|x64.Build.0 = Release|Any CPU
		{45913BD3-AE5E-457B-92B9-8FBA0B84D421}.Release|x86.ActiveCfg = Release|Any CPU
		{45913BD3-AE5E-457B-92B9-8FBA0B84D421}.Release|x86.Build.0 = Release|Any CPU
		{6D71911F-82DC-4941-86FF-389A134E67DF}.Debug|Any CPU.ActiveCfg = Debug|Any CPU
		{6D71911F-82DC-4941-86FF-389A134E67DF}.Debug|Any CPU.Build.0 = Debug|Any CPU
		{6D71911F-82DC-4941-86FF-389A134E67DF}.Debug|x64.ActiveCfg = Debug|Any CPU
		{6D71911F-82DC-4941-86FF-389A134E67DF}.Debug|x64.Build.0 = Debug|Any CPU
		{6D71911F-82DC-4941-86FF-389A134E67DF}.Debug|x86.ActiveCfg = Debug|Any CPU
		{6D71911F-82DC-4941-86FF-389A134E67DF}.Debug|x86.Build.0 = Debug|Any CPU
		{6D71911F-82DC-4941-86FF-389A134E67DF}.Release|Any CPU.ActiveCfg = Release|Any CPU
		{6D71911F-82DC-4941-86FF-389A134E67DF}.Release|Any CPU.Build.0 = Release|Any CPU
		{6D71911F-82DC-4941-86FF-389A134E67DF}.Release|x64.ActiveCfg = Release|Any CPU
		{6D71911F-82DC-4941-86FF-389A134E67DF}.Release|x64.Build.0 = Release|Any CPU
		{6D71911F-82DC-4941-86FF-389A134E67DF}.Release|x86.ActiveCfg = Release|Any CPU
		{6D71911F-82DC-4941-86FF-389A134E67DF}.Release|x86.Build.0 = Release|Any CPU
		{DDFAA42D-E0D2-4337-A52C-E192ECFE2240}.Debug|Any CPU.ActiveCfg = Debug|Any CPU
		{DDFAA42D-E0D2-4337-A52C-E192ECFE2240}.Debug|Any CPU.Build.0 = Debug|Any CPU
		{DDFAA42D-E0D2-4337-A52C-E192ECFE2240}.Debug|x64.ActiveCfg = Debug|Any CPU
		{DDFAA42D-E0D2-4337-A52C-E192ECFE2240}.Debug|x64.Build.0 = Debug|Any CPU
		{DDFAA42D-E0D2-4337-A52C-E192ECFE2240}.Debug|x86.ActiveCfg = Debug|Any CPU
		{DDFAA42D-E0D2-4337-A52C-E192ECFE2240}.Debug|x86.Build.0 = Debug|Any CPU
		{DDFAA42D-E0D2-4337-A52C-E192ECFE2240}.Release|Any CPU.ActiveCfg = Release|Any CPU
		{DDFAA42D-E0D2-4337-A52C-E192ECFE2240}.Release|Any CPU.Build.0 = Release|Any CPU
		{DDFAA42D-E0D2-4337-A52C-E192ECFE2240}.Release|x64.ActiveCfg = Release|Any CPU
		{DDFAA42D-E0D2-4337-A52C-E192ECFE2240}.Release|x64.Build.0 = Release|Any CPU
		{DDFAA42D-E0D2-4337-A52C-E192ECFE2240}.Release|x86.ActiveCfg = Release|Any CPU
		{DDFAA42D-E0D2-4337-A52C-E192ECFE2240}.Release|x86.Build.0 = Release|Any CPU
		{BBA09764-24CA-4ACB-8119-24C13ED7A146}.Debug|Any CPU.ActiveCfg = Debug|Any CPU
		{BBA09764-24CA-4ACB-8119-24C13ED7A146}.Debug|Any CPU.Build.0 = Debug|Any CPU
		{BBA09764-24CA-4ACB-8119-24C13ED7A146}.Debug|x64.ActiveCfg = Debug|Any CPU
		{BBA09764-24CA-4ACB-8119-24C13ED7A146}.Debug|x64.Build.0 = Debug|Any CPU
		{BBA09764-24CA-4ACB-8119-24C13ED7A146}.Debug|x86.ActiveCfg = Debug|Any CPU
		{BBA09764-24CA-4ACB-8119-24C13ED7A146}.Debug|x86.Build.0 = Debug|Any CPU
		{BBA09764-24CA-4ACB-8119-24C13ED7A146}.Release|Any CPU.ActiveCfg = Release|Any CPU
		{BBA09764-24CA-4ACB-8119-24C13ED7A146}.Release|Any CPU.Build.0 = Release|Any CPU
		{BBA09764-24CA-4ACB-8119-24C13ED7A146}.Release|x64.ActiveCfg = Release|Any CPU
		{BBA09764-24CA-4ACB-8119-24C13ED7A146}.Release|x64.Build.0 = Release|Any CPU
		{BBA09764-24CA-4ACB-8119-24C13ED7A146}.Release|x86.ActiveCfg = Release|Any CPU
		{BBA09764-24CA-4ACB-8119-24C13ED7A146}.Release|x86.Build.0 = Release|Any CPU
		{139E4CA7-0BFE-4219-BEAF-27D272CE03E6}.Debug|Any CPU.ActiveCfg = Debug|Any CPU
		{139E4CA7-0BFE-4219-BEAF-27D272CE03E6}.Debug|Any CPU.Build.0 = Debug|Any CPU
		{139E4CA7-0BFE-4219-BEAF-27D272CE03E6}.Debug|x64.ActiveCfg = Debug|Any CPU
		{139E4CA7-0BFE-4219-BEAF-27D272CE03E6}.Debug|x64.Build.0 = Debug|Any CPU
		{139E4CA7-0BFE-4219-BEAF-27D272CE03E6}.Debug|x86.ActiveCfg = Debug|Any CPU
		{139E4CA7-0BFE-4219-BEAF-27D272CE03E6}.Debug|x86.Build.0 = Debug|Any CPU
		{139E4CA7-0BFE-4219-BEAF-27D272CE03E6}.Release|Any CPU.ActiveCfg = Release|Any CPU
		{139E4CA7-0BFE-4219-BEAF-27D272CE03E6}.Release|Any CPU.Build.0 = Release|Any CPU
		{139E4CA7-0BFE-4219-BEAF-27D272CE03E6}.Release|x64.ActiveCfg = Release|Any CPU
		{139E4CA7-0BFE-4219-BEAF-27D272CE03E6}.Release|x64.Build.0 = Release|Any CPU
		{139E4CA7-0BFE-4219-BEAF-27D272CE03E6}.Release|x86.ActiveCfg = Release|Any CPU
		{139E4CA7-0BFE-4219-BEAF-27D272CE03E6}.Release|x86.Build.0 = Release|Any CPU
		{23A911C2-37B5-430A-9D4E-68331EAA7349}.Debug|Any CPU.ActiveCfg = Debug|Any CPU
		{23A911C2-37B5-430A-9D4E-68331EAA7349}.Debug|Any CPU.Build.0 = Debug|Any CPU
		{23A911C2-37B5-430A-9D4E-68331EAA7349}.Debug|x64.ActiveCfg = Debug|Any CPU
		{23A911C2-37B5-430A-9D4E-68331EAA7349}.Debug|x64.Build.0 = Debug|Any CPU
		{23A911C2-37B5-430A-9D4E-68331EAA7349}.Debug|x86.ActiveCfg = Debug|Any CPU
		{23A911C2-37B5-430A-9D4E-68331EAA7349}.Debug|x86.Build.0 = Debug|Any CPU
		{23A911C2-37B5-430A-9D4E-68331EAA7349}.Release|Any CPU.ActiveCfg = Release|Any CPU
		{23A911C2-37B5-430A-9D4E-68331EAA7349}.Release|Any CPU.Build.0 = Release|Any CPU
		{23A911C2-37B5-430A-9D4E-68331EAA7349}.Release|x64.ActiveCfg = Release|Any CPU
		{23A911C2-37B5-430A-9D4E-68331EAA7349}.Release|x64.Build.0 = Release|Any CPU
		{23A911C2-37B5-430A-9D4E-68331EAA7349}.Release|x86.ActiveCfg = Release|Any CPU
		{23A911C2-37B5-430A-9D4E-68331EAA7349}.Release|x86.Build.0 = Release|Any CPU
		{9916387B-2F00-4C51-AF0D-10B2BCE4419C}.Debug|Any CPU.ActiveCfg = Debug|Any CPU
		{9916387B-2F00-4C51-AF0D-10B2BCE4419C}.Debug|Any CPU.Build.0 = Debug|Any CPU
		{9916387B-2F00-4C51-AF0D-10B2BCE4419C}.Debug|x64.ActiveCfg = Debug|Any CPU
		{9916387B-2F00-4C51-AF0D-10B2BCE4419C}.Debug|x64.Build.0 = Debug|Any CPU
		{9916387B-2F00-4C51-AF0D-10B2BCE4419C}.Debug|x86.ActiveCfg = Debug|Any CPU
		{9916387B-2F00-4C51-AF0D-10B2BCE4419C}.Debug|x86.Build.0 = Debug|Any CPU
		{9916387B-2F00-4C51-AF0D-10B2BCE4419C}.Release|Any CPU.ActiveCfg = Release|Any CPU
		{9916387B-2F00-4C51-AF0D-10B2BCE4419C}.Release|Any CPU.Build.0 = Release|Any CPU
		{9916387B-2F00-4C51-AF0D-10B2BCE4419C}.Release|x64.ActiveCfg = Release|Any CPU
		{9916387B-2F00-4C51-AF0D-10B2BCE4419C}.Release|x64.Build.0 = Release|Any CPU
		{9916387B-2F00-4C51-AF0D-10B2BCE4419C}.Release|x86.ActiveCfg = Release|Any CPU
		{9916387B-2F00-4C51-AF0D-10B2BCE4419C}.Release|x86.Build.0 = Release|Any CPU
		{F464939A-60A3-42C4-AD23-97842ED1F544}.Debug|Any CPU.ActiveCfg = Debug|Any CPU
		{F464939A-60A3-42C4-AD23-97842ED1F544}.Debug|Any CPU.Build.0 = Debug|Any CPU
		{F464939A-60A3-42C4-AD23-97842ED1F544}.Debug|x64.ActiveCfg = Debug|Any CPU
		{F464939A-60A3-42C4-AD23-97842ED1F544}.Debug|x64.Build.0 = Debug|Any CPU
		{F464939A-60A3-42C4-AD23-97842ED1F544}.Debug|x86.ActiveCfg = Debug|Any CPU
		{F464939A-60A3-42C4-AD23-97842ED1F544}.Debug|x86.Build.0 = Debug|Any CPU
		{F464939A-60A3-42C4-AD23-97842ED1F544}.Release|Any CPU.ActiveCfg = Release|Any CPU
		{F464939A-60A3-42C4-AD23-97842ED1F544}.Release|Any CPU.Build.0 = Release|Any CPU
		{F464939A-60A3-42C4-AD23-97842ED1F544}.Release|x64.ActiveCfg = Release|Any CPU
		{F464939A-60A3-42C4-AD23-97842ED1F544}.Release|x64.Build.0 = Release|Any CPU
		{F464939A-60A3-42C4-AD23-97842ED1F544}.Release|x86.ActiveCfg = Release|Any CPU
		{F464939A-60A3-42C4-AD23-97842ED1F544}.Release|x86.Build.0 = Release|Any CPU
		{A6A35B62-A13D-47BE-8229-DE7F214CDA4A}.Debug|Any CPU.ActiveCfg = Debug|Any CPU
		{A6A35B62-A13D-47BE-8229-DE7F214CDA4A}.Debug|Any CPU.Build.0 = Debug|Any CPU
		{A6A35B62-A13D-47BE-8229-DE7F214CDA4A}.Debug|x64.ActiveCfg = Debug|Any CPU
		{A6A35B62-A13D-47BE-8229-DE7F214CDA4A}.Debug|x64.Build.0 = Debug|Any CPU
		{A6A35B62-A13D-47BE-8229-DE7F214CDA4A}.Debug|x86.ActiveCfg = Debug|Any CPU
		{A6A35B62-A13D-47BE-8229-DE7F214CDA4A}.Debug|x86.Build.0 = Debug|Any CPU
		{A6A35B62-A13D-47BE-8229-DE7F214CDA4A}.Release|Any CPU.ActiveCfg = Release|Any CPU
		{A6A35B62-A13D-47BE-8229-DE7F214CDA4A}.Release|Any CPU.Build.0 = Release|Any CPU
		{A6A35B62-A13D-47BE-8229-DE7F214CDA4A}.Release|x64.ActiveCfg = Release|Any CPU
		{A6A35B62-A13D-47BE-8229-DE7F214CDA4A}.Release|x64.Build.0 = Release|Any CPU
		{A6A35B62-A13D-47BE-8229-DE7F214CDA4A}.Release|x86.ActiveCfg = Release|Any CPU
		{A6A35B62-A13D-47BE-8229-DE7F214CDA4A}.Release|x86.Build.0 = Release|Any CPU
		{478EA557-4A55-466C-9951-E6CF49C62837}.Debug|Any CPU.ActiveCfg = Debug|Any CPU
		{478EA557-4A55-466C-9951-E6CF49C62837}.Debug|Any CPU.Build.0 = Debug|Any CPU
		{478EA557-4A55-466C-9951-E6CF49C62837}.Debug|x64.ActiveCfg = Debug|Any CPU
		{478EA557-4A55-466C-9951-E6CF49C62837}.Debug|x64.Build.0 = Debug|Any CPU
		{478EA557-4A55-466C-9951-E6CF49C62837}.Debug|x86.ActiveCfg = Debug|Any CPU
		{478EA557-4A55-466C-9951-E6CF49C62837}.Debug|x86.Build.0 = Debug|Any CPU
		{478EA557-4A55-466C-9951-E6CF49C62837}.Release|Any CPU.ActiveCfg = Release|Any CPU
		{478EA557-4A55-466C-9951-E6CF49C62837}.Release|Any CPU.Build.0 = Release|Any CPU
		{478EA557-4A55-466C-9951-E6CF49C62837}.Release|x64.ActiveCfg = Release|Any CPU
		{478EA557-4A55-466C-9951-E6CF49C62837}.Release|x64.Build.0 = Release|Any CPU
		{478EA557-4A55-466C-9951-E6CF49C62837}.Release|x86.ActiveCfg = Release|Any CPU
		{478EA557-4A55-466C-9951-E6CF49C62837}.Release|x86.Build.0 = Release|Any CPU
		{0AAF8AF0-2B01-49A6-9023-56C6243216BF}.Debug|Any CPU.ActiveCfg = Debug|Any CPU
		{0AAF8AF0-2B01-49A6-9023-56C6243216BF}.Debug|Any CPU.Build.0 = Debug|Any CPU
		{0AAF8AF0-2B01-49A6-9023-56C6243216BF}.Debug|x64.ActiveCfg = Debug|Any CPU
		{0AAF8AF0-2B01-49A6-9023-56C6243216BF}.Debug|x64.Build.0 = Debug|Any CPU
		{0AAF8AF0-2B01-49A6-9023-56C6243216BF}.Debug|x86.ActiveCfg = Debug|Any CPU
		{0AAF8AF0-2B01-49A6-9023-56C6243216BF}.Debug|x86.Build.0 = Debug|Any CPU
		{0AAF8AF0-2B01-49A6-9023-56C6243216BF}.Release|Any CPU.ActiveCfg = Release|Any CPU
		{0AAF8AF0-2B01-49A6-9023-56C6243216BF}.Release|Any CPU.Build.0 = Release|Any CPU
		{0AAF8AF0-2B01-49A6-9023-56C6243216BF}.Release|x64.ActiveCfg = Release|Any CPU
		{0AAF8AF0-2B01-49A6-9023-56C6243216BF}.Release|x64.Build.0 = Release|Any CPU
		{0AAF8AF0-2B01-49A6-9023-56C6243216BF}.Release|x86.ActiveCfg = Release|Any CPU
		{0AAF8AF0-2B01-49A6-9023-56C6243216BF}.Release|x86.Build.0 = Release|Any CPU
		{A4246FBD-E2AB-412F-8C90-1D3CCFDBC335}.Debug|Any CPU.ActiveCfg = Debug|Any CPU
		{A4246FBD-E2AB-412F-8C90-1D3CCFDBC335}.Debug|Any CPU.Build.0 = Debug|Any CPU
		{A4246FBD-E2AB-412F-8C90-1D3CCFDBC335}.Debug|x64.ActiveCfg = Debug|Any CPU
		{A4246FBD-E2AB-412F-8C90-1D3CCFDBC335}.Debug|x64.Build.0 = Debug|Any CPU
		{A4246FBD-E2AB-412F-8C90-1D3CCFDBC335}.Debug|x86.ActiveCfg = Debug|Any CPU
		{A4246FBD-E2AB-412F-8C90-1D3CCFDBC335}.Debug|x86.Build.0 = Debug|Any CPU
		{A4246FBD-E2AB-412F-8C90-1D3CCFDBC335}.Release|Any CPU.ActiveCfg = Release|Any CPU
		{A4246FBD-E2AB-412F-8C90-1D3CCFDBC335}.Release|Any CPU.Build.0 = Release|Any CPU
		{A4246FBD-E2AB-412F-8C90-1D3CCFDBC335}.Release|x64.ActiveCfg = Release|Any CPU
		{A4246FBD-E2AB-412F-8C90-1D3CCFDBC335}.Release|x64.Build.0 = Release|Any CPU
		{A4246FBD-E2AB-412F-8C90-1D3CCFDBC335}.Release|x86.ActiveCfg = Release|Any CPU
		{A4246FBD-E2AB-412F-8C90-1D3CCFDBC335}.Release|x86.Build.0 = Release|Any CPU
		{68F8E766-5556-4408-962E-FF1C46B92E20}.Debug|Any CPU.ActiveCfg = Debug|Any CPU
		{68F8E766-5556-4408-962E-FF1C46B92E20}.Debug|Any CPU.Build.0 = Debug|Any CPU
		{68F8E766-5556-4408-962E-FF1C46B92E20}.Debug|x64.ActiveCfg = Debug|Any CPU
		{68F8E766-5556-4408-962E-FF1C46B92E20}.Debug|x64.Build.0 = Debug|Any CPU
		{68F8E766-5556-4408-962E-FF1C46B92E20}.Debug|x86.ActiveCfg = Debug|Any CPU
		{68F8E766-5556-4408-962E-FF1C46B92E20}.Debug|x86.Build.0 = Debug|Any CPU
		{68F8E766-5556-4408-962E-FF1C46B92E20}.Release|Any CPU.ActiveCfg = Release|Any CPU
		{68F8E766-5556-4408-962E-FF1C46B92E20}.Release|Any CPU.Build.0 = Release|Any CPU
		{68F8E766-5556-4408-962E-FF1C46B92E20}.Release|x64.ActiveCfg = Release|Any CPU
		{68F8E766-5556-4408-962E-FF1C46B92E20}.Release|x64.Build.0 = Release|Any CPU
		{68F8E766-5556-4408-962E-FF1C46B92E20}.Release|x86.ActiveCfg = Release|Any CPU
		{68F8E766-5556-4408-962E-FF1C46B92E20}.Release|x86.Build.0 = Release|Any CPU
		{A88BEEBE-5D77-4321-8186-658A208E2FAA}.Debug|Any CPU.ActiveCfg = Debug|Any CPU
		{A88BEEBE-5D77-4321-8186-658A208E2FAA}.Debug|Any CPU.Build.0 = Debug|Any CPU
		{A88BEEBE-5D77-4321-8186-658A208E2FAA}.Debug|x64.ActiveCfg = Debug|Any CPU
		{A88BEEBE-5D77-4321-8186-658A208E2FAA}.Debug|x64.Build.0 = Debug|Any CPU
		{A88BEEBE-5D77-4321-8186-658A208E2FAA}.Debug|x86.ActiveCfg = Debug|Any CPU
		{A88BEEBE-5D77-4321-8186-658A208E2FAA}.Debug|x86.Build.0 = Debug|Any CPU
		{A88BEEBE-5D77-4321-8186-658A208E2FAA}.Release|Any CPU.ActiveCfg = Release|Any CPU
		{A88BEEBE-5D77-4321-8186-658A208E2FAA}.Release|Any CPU.Build.0 = Release|Any CPU
		{A88BEEBE-5D77-4321-8186-658A208E2FAA}.Release|x64.ActiveCfg = Release|Any CPU
		{A88BEEBE-5D77-4321-8186-658A208E2FAA}.Release|x64.Build.0 = Release|Any CPU
		{A88BEEBE-5D77-4321-8186-658A208E2FAA}.Release|x86.ActiveCfg = Release|Any CPU
		{A88BEEBE-5D77-4321-8186-658A208E2FAA}.Release|x86.Build.0 = Release|Any CPU
		{19BA5AAA-2373-4807-B207-C88C48517264}.Debug|Any CPU.ActiveCfg = Debug|Any CPU
		{19BA5AAA-2373-4807-B207-C88C48517264}.Debug|Any CPU.Build.0 = Debug|Any CPU
		{19BA5AAA-2373-4807-B207-C88C48517264}.Debug|x64.ActiveCfg = Debug|Any CPU
		{19BA5AAA-2373-4807-B207-C88C48517264}.Debug|x64.Build.0 = Debug|Any CPU
		{19BA5AAA-2373-4807-B207-C88C48517264}.Debug|x86.ActiveCfg = Debug|Any CPU
		{19BA5AAA-2373-4807-B207-C88C48517264}.Debug|x86.Build.0 = Debug|Any CPU
		{19BA5AAA-2373-4807-B207-C88C48517264}.Release|Any CPU.ActiveCfg = Release|Any CPU
		{19BA5AAA-2373-4807-B207-C88C48517264}.Release|Any CPU.Build.0 = Release|Any CPU
		{19BA5AAA-2373-4807-B207-C88C48517264}.Release|x64.ActiveCfg = Release|Any CPU
		{19BA5AAA-2373-4807-B207-C88C48517264}.Release|x64.Build.0 = Release|Any CPU
		{19BA5AAA-2373-4807-B207-C88C48517264}.Release|x86.ActiveCfg = Release|Any CPU
		{19BA5AAA-2373-4807-B207-C88C48517264}.Release|x86.Build.0 = Release|Any CPU
		{7607EA01-A25D-43B1-93F3-BEDF8A653A65}.Debug|Any CPU.ActiveCfg = Debug|Any CPU
		{7607EA01-A25D-43B1-93F3-BEDF8A653A65}.Debug|Any CPU.Build.0 = Debug|Any CPU
		{7607EA01-A25D-43B1-93F3-BEDF8A653A65}.Debug|x64.ActiveCfg = Debug|Any CPU
		{7607EA01-A25D-43B1-93F3-BEDF8A653A65}.Debug|x64.Build.0 = Debug|Any CPU
		{7607EA01-A25D-43B1-93F3-BEDF8A653A65}.Debug|x86.ActiveCfg = Debug|Any CPU
		{7607EA01-A25D-43B1-93F3-BEDF8A653A65}.Debug|x86.Build.0 = Debug|Any CPU
		{7607EA01-A25D-43B1-93F3-BEDF8A653A65}.Release|Any CPU.ActiveCfg = Release|Any CPU
		{7607EA01-A25D-43B1-93F3-BEDF8A653A65}.Release|Any CPU.Build.0 = Release|Any CPU
		{7607EA01-A25D-43B1-93F3-BEDF8A653A65}.Release|x64.ActiveCfg = Release|Any CPU
		{7607EA01-A25D-43B1-93F3-BEDF8A653A65}.Release|x64.Build.0 = Release|Any CPU
		{7607EA01-A25D-43B1-93F3-BEDF8A653A65}.Release|x86.ActiveCfg = Release|Any CPU
		{7607EA01-A25D-43B1-93F3-BEDF8A653A65}.Release|x86.Build.0 = Release|Any CPU
		{8406361A-1667-4EC3-8E70-72E121B4ED27}.Debug|Any CPU.ActiveCfg = Debug|Any CPU
		{8406361A-1667-4EC3-8E70-72E121B4ED27}.Debug|Any CPU.Build.0 = Debug|Any CPU
		{8406361A-1667-4EC3-8E70-72E121B4ED27}.Debug|x64.ActiveCfg = Debug|Any CPU
		{8406361A-1667-4EC3-8E70-72E121B4ED27}.Debug|x64.Build.0 = Debug|Any CPU
		{8406361A-1667-4EC3-8E70-72E121B4ED27}.Debug|x86.ActiveCfg = Debug|Any CPU
		{8406361A-1667-4EC3-8E70-72E121B4ED27}.Debug|x86.Build.0 = Debug|Any CPU
		{8406361A-1667-4EC3-8E70-72E121B4ED27}.Release|Any CPU.ActiveCfg = Release|Any CPU
		{8406361A-1667-4EC3-8E70-72E121B4ED27}.Release|Any CPU.Build.0 = Release|Any CPU
		{8406361A-1667-4EC3-8E70-72E121B4ED27}.Release|x64.ActiveCfg = Release|Any CPU
		{8406361A-1667-4EC3-8E70-72E121B4ED27}.Release|x64.Build.0 = Release|Any CPU
		{8406361A-1667-4EC3-8E70-72E121B4ED27}.Release|x86.ActiveCfg = Release|Any CPU
		{8406361A-1667-4EC3-8E70-72E121B4ED27}.Release|x86.Build.0 = Release|Any CPU
		{50022537-57AC-4048-B8EB-6490E959AC9B}.Debug|Any CPU.ActiveCfg = Debug|Any CPU
		{50022537-57AC-4048-B8EB-6490E959AC9B}.Debug|Any CPU.Build.0 = Debug|Any CPU
		{50022537-57AC-4048-B8EB-6490E959AC9B}.Debug|x64.ActiveCfg = Debug|Any CPU
		{50022537-57AC-4048-B8EB-6490E959AC9B}.Debug|x64.Build.0 = Debug|Any CPU
		{50022537-57AC-4048-B8EB-6490E959AC9B}.Debug|x86.ActiveCfg = Debug|Any CPU
		{50022537-57AC-4048-B8EB-6490E959AC9B}.Debug|x86.Build.0 = Debug|Any CPU
		{50022537-57AC-4048-B8EB-6490E959AC9B}.Release|Any CPU.ActiveCfg = Release|Any CPU
		{50022537-57AC-4048-B8EB-6490E959AC9B}.Release|Any CPU.Build.0 = Release|Any CPU
		{50022537-57AC-4048-B8EB-6490E959AC9B}.Release|x64.ActiveCfg = Release|Any CPU
		{50022537-57AC-4048-B8EB-6490E959AC9B}.Release|x64.Build.0 = Release|Any CPU
		{50022537-57AC-4048-B8EB-6490E959AC9B}.Release|x86.ActiveCfg = Release|Any CPU
		{50022537-57AC-4048-B8EB-6490E959AC9B}.Release|x86.Build.0 = Release|Any CPU
		{21B633B3-DE4B-4039-AC16-D0D96015C718}.Debug|Any CPU.ActiveCfg = Debug|Any CPU
		{21B633B3-DE4B-4039-AC16-D0D96015C718}.Debug|Any CPU.Build.0 = Debug|Any CPU
		{21B633B3-DE4B-4039-AC16-D0D96015C718}.Debug|x64.ActiveCfg = Debug|Any CPU
		{21B633B3-DE4B-4039-AC16-D0D96015C718}.Debug|x64.Build.0 = Debug|Any CPU
		{21B633B3-DE4B-4039-AC16-D0D96015C718}.Debug|x86.ActiveCfg = Debug|Any CPU
		{21B633B3-DE4B-4039-AC16-D0D96015C718}.Debug|x86.Build.0 = Debug|Any CPU
		{21B633B3-DE4B-4039-AC16-D0D96015C718}.Release|Any CPU.ActiveCfg = Release|Any CPU
		{21B633B3-DE4B-4039-AC16-D0D96015C718}.Release|Any CPU.Build.0 = Release|Any CPU
		{21B633B3-DE4B-4039-AC16-D0D96015C718}.Release|x64.ActiveCfg = Release|Any CPU
		{21B633B3-DE4B-4039-AC16-D0D96015C718}.Release|x64.Build.0 = Release|Any CPU
		{21B633B3-DE4B-4039-AC16-D0D96015C718}.Release|x86.ActiveCfg = Release|Any CPU
		{21B633B3-DE4B-4039-AC16-D0D96015C718}.Release|x86.Build.0 = Release|Any CPU
		{F2D4C917-972D-4988-8073-D80936E43D4F}.Debug|Any CPU.ActiveCfg = Debug|Any CPU
		{F2D4C917-972D-4988-8073-D80936E43D4F}.Debug|Any CPU.Build.0 = Debug|Any CPU
		{F2D4C917-972D-4988-8073-D80936E43D4F}.Debug|x64.ActiveCfg = Debug|Any CPU
		{F2D4C917-972D-4988-8073-D80936E43D4F}.Debug|x64.Build.0 = Debug|Any CPU
		{F2D4C917-972D-4988-8073-D80936E43D4F}.Debug|x86.ActiveCfg = Debug|Any CPU
		{F2D4C917-972D-4988-8073-D80936E43D4F}.Debug|x86.Build.0 = Debug|Any CPU
		{F2D4C917-972D-4988-8073-D80936E43D4F}.Release|Any CPU.ActiveCfg = Release|Any CPU
		{F2D4C917-972D-4988-8073-D80936E43D4F}.Release|Any CPU.Build.0 = Release|Any CPU
		{F2D4C917-972D-4988-8073-D80936E43D4F}.Release|x64.ActiveCfg = Release|Any CPU
		{F2D4C917-972D-4988-8073-D80936E43D4F}.Release|x64.Build.0 = Release|Any CPU
		{F2D4C917-972D-4988-8073-D80936E43D4F}.Release|x86.ActiveCfg = Release|Any CPU
		{F2D4C917-972D-4988-8073-D80936E43D4F}.Release|x86.Build.0 = Release|Any CPU
		{B6636C06-6DCC-43D6-B950-1C1E458AA1E0}.Debug|Any CPU.ActiveCfg = Debug|Any CPU
		{B6636C06-6DCC-43D6-B950-1C1E458AA1E0}.Debug|Any CPU.Build.0 = Debug|Any CPU
		{B6636C06-6DCC-43D6-B950-1C1E458AA1E0}.Debug|x64.ActiveCfg = Debug|Any CPU
		{B6636C06-6DCC-43D6-B950-1C1E458AA1E0}.Debug|x64.Build.0 = Debug|Any CPU
		{B6636C06-6DCC-43D6-B950-1C1E458AA1E0}.Debug|x86.ActiveCfg = Debug|Any CPU
		{B6636C06-6DCC-43D6-B950-1C1E458AA1E0}.Debug|x86.Build.0 = Debug|Any CPU
		{B6636C06-6DCC-43D6-B950-1C1E458AA1E0}.Release|Any CPU.ActiveCfg = Release|Any CPU
		{B6636C06-6DCC-43D6-B950-1C1E458AA1E0}.Release|Any CPU.Build.0 = Release|Any CPU
		{B6636C06-6DCC-43D6-B950-1C1E458AA1E0}.Release|x64.ActiveCfg = Release|Any CPU
		{B6636C06-6DCC-43D6-B950-1C1E458AA1E0}.Release|x64.Build.0 = Release|Any CPU
		{B6636C06-6DCC-43D6-B950-1C1E458AA1E0}.Release|x86.ActiveCfg = Release|Any CPU
		{B6636C06-6DCC-43D6-B950-1C1E458AA1E0}.Release|x86.Build.0 = Release|Any CPU
		{00800D9B-E70A-4E64-8DDC-295118E2D412}.Debug|Any CPU.ActiveCfg = Debug|Any CPU
		{00800D9B-E70A-4E64-8DDC-295118E2D412}.Debug|Any CPU.Build.0 = Debug|Any CPU
		{00800D9B-E70A-4E64-8DDC-295118E2D412}.Debug|x64.ActiveCfg = Debug|Any CPU
		{00800D9B-E70A-4E64-8DDC-295118E2D412}.Debug|x64.Build.0 = Debug|Any CPU
		{00800D9B-E70A-4E64-8DDC-295118E2D412}.Debug|x86.ActiveCfg = Debug|Any CPU
		{00800D9B-E70A-4E64-8DDC-295118E2D412}.Debug|x86.Build.0 = Debug|Any CPU
		{00800D9B-E70A-4E64-8DDC-295118E2D412}.Release|Any CPU.ActiveCfg = Release|Any CPU
		{00800D9B-E70A-4E64-8DDC-295118E2D412}.Release|Any CPU.Build.0 = Release|Any CPU
		{00800D9B-E70A-4E64-8DDC-295118E2D412}.Release|x64.ActiveCfg = Release|Any CPU
		{00800D9B-E70A-4E64-8DDC-295118E2D412}.Release|x64.Build.0 = Release|Any CPU
		{00800D9B-E70A-4E64-8DDC-295118E2D412}.Release|x86.ActiveCfg = Release|Any CPU
		{00800D9B-E70A-4E64-8DDC-295118E2D412}.Release|x86.Build.0 = Release|Any CPU
		{09B098A2-B0BD-4D70-95F2-9DFF6F7C7D50}.Debug|Any CPU.ActiveCfg = Debug|Any CPU
		{09B098A2-B0BD-4D70-95F2-9DFF6F7C7D50}.Debug|Any CPU.Build.0 = Debug|Any CPU
		{09B098A2-B0BD-4D70-95F2-9DFF6F7C7D50}.Debug|x64.ActiveCfg = Debug|Any CPU
		{09B098A2-B0BD-4D70-95F2-9DFF6F7C7D50}.Debug|x64.Build.0 = Debug|Any CPU
		{09B098A2-B0BD-4D70-95F2-9DFF6F7C7D50}.Debug|x86.ActiveCfg = Debug|Any CPU
		{09B098A2-B0BD-4D70-95F2-9DFF6F7C7D50}.Debug|x86.Build.0 = Debug|Any CPU
		{09B098A2-B0BD-4D70-95F2-9DFF6F7C7D50}.Release|Any CPU.ActiveCfg = Release|Any CPU
		{09B098A2-B0BD-4D70-95F2-9DFF6F7C7D50}.Release|Any CPU.Build.0 = Release|Any CPU
		{09B098A2-B0BD-4D70-95F2-9DFF6F7C7D50}.Release|x64.ActiveCfg = Release|Any CPU
		{09B098A2-B0BD-4D70-95F2-9DFF6F7C7D50}.Release|x64.Build.0 = Release|Any CPU
		{09B098A2-B0BD-4D70-95F2-9DFF6F7C7D50}.Release|x86.ActiveCfg = Release|Any CPU
		{09B098A2-B0BD-4D70-95F2-9DFF6F7C7D50}.Release|x86.Build.0 = Release|Any CPU
		{F1BE51BB-42F3-480C-8296-53982EB36221}.Debug|Any CPU.ActiveCfg = Debug|Any CPU
		{F1BE51BB-42F3-480C-8296-53982EB36221}.Debug|Any CPU.Build.0 = Debug|Any CPU
		{F1BE51BB-42F3-480C-8296-53982EB36221}.Debug|x64.ActiveCfg = Debug|Any CPU
		{F1BE51BB-42F3-480C-8296-53982EB36221}.Debug|x64.Build.0 = Debug|Any CPU
		{F1BE51BB-42F3-480C-8296-53982EB36221}.Debug|x86.ActiveCfg = Debug|Any CPU
		{F1BE51BB-42F3-480C-8296-53982EB36221}.Debug|x86.Build.0 = Debug|Any CPU
		{F1BE51BB-42F3-480C-8296-53982EB36221}.Release|Any CPU.ActiveCfg = Release|Any CPU
		{F1BE51BB-42F3-480C-8296-53982EB36221}.Release|Any CPU.Build.0 = Release|Any CPU
		{F1BE51BB-42F3-480C-8296-53982EB36221}.Release|x64.ActiveCfg = Release|Any CPU
		{F1BE51BB-42F3-480C-8296-53982EB36221}.Release|x64.Build.0 = Release|Any CPU
		{F1BE51BB-42F3-480C-8296-53982EB36221}.Release|x86.ActiveCfg = Release|Any CPU
		{F1BE51BB-42F3-480C-8296-53982EB36221}.Release|x86.Build.0 = Release|Any CPU
		{3842501D-B30D-4513-AB96-8FA807604865}.Debug|Any CPU.ActiveCfg = Debug|Any CPU
		{3842501D-B30D-4513-AB96-8FA807604865}.Debug|Any CPU.Build.0 = Debug|Any CPU
		{3842501D-B30D-4513-AB96-8FA807604865}.Debug|x64.ActiveCfg = Debug|Any CPU
		{3842501D-B30D-4513-AB96-8FA807604865}.Debug|x64.Build.0 = Debug|Any CPU
		{3842501D-B30D-4513-AB96-8FA807604865}.Debug|x86.ActiveCfg = Debug|Any CPU
		{3842501D-B30D-4513-AB96-8FA807604865}.Debug|x86.Build.0 = Debug|Any CPU
		{3842501D-B30D-4513-AB96-8FA807604865}.Release|Any CPU.ActiveCfg = Release|Any CPU
		{3842501D-B30D-4513-AB96-8FA807604865}.Release|Any CPU.Build.0 = Release|Any CPU
		{3842501D-B30D-4513-AB96-8FA807604865}.Release|x64.ActiveCfg = Release|Any CPU
		{3842501D-B30D-4513-AB96-8FA807604865}.Release|x64.Build.0 = Release|Any CPU
		{3842501D-B30D-4513-AB96-8FA807604865}.Release|x86.ActiveCfg = Release|Any CPU
		{3842501D-B30D-4513-AB96-8FA807604865}.Release|x86.Build.0 = Release|Any CPU
		{ADCB2C40-3BA3-4158-859C-BB9934E0DEC1}.Debug|Any CPU.ActiveCfg = Debug|Any CPU
		{ADCB2C40-3BA3-4158-859C-BB9934E0DEC1}.Debug|Any CPU.Build.0 = Debug|Any CPU
		{ADCB2C40-3BA3-4158-859C-BB9934E0DEC1}.Debug|x64.ActiveCfg = Debug|Any CPU
		{ADCB2C40-3BA3-4158-859C-BB9934E0DEC1}.Debug|x64.Build.0 = Debug|Any CPU
		{ADCB2C40-3BA3-4158-859C-BB9934E0DEC1}.Debug|x86.ActiveCfg = Debug|Any CPU
		{ADCB2C40-3BA3-4158-859C-BB9934E0DEC1}.Debug|x86.Build.0 = Debug|Any CPU
		{ADCB2C40-3BA3-4158-859C-BB9934E0DEC1}.Release|Any CPU.ActiveCfg = Release|Any CPU
		{ADCB2C40-3BA3-4158-859C-BB9934E0DEC1}.Release|Any CPU.Build.0 = Release|Any CPU
		{ADCB2C40-3BA3-4158-859C-BB9934E0DEC1}.Release|x64.ActiveCfg = Release|Any CPU
		{ADCB2C40-3BA3-4158-859C-BB9934E0DEC1}.Release|x64.Build.0 = Release|Any CPU
		{ADCB2C40-3BA3-4158-859C-BB9934E0DEC1}.Release|x86.ActiveCfg = Release|Any CPU
		{ADCB2C40-3BA3-4158-859C-BB9934E0DEC1}.Release|x86.Build.0 = Release|Any CPU
		{1D3A8269-7E69-4126-A3D0-2829FDB2DC4F}.Debug|Any CPU.ActiveCfg = Debug|Any CPU
		{1D3A8269-7E69-4126-A3D0-2829FDB2DC4F}.Debug|Any CPU.Build.0 = Debug|Any CPU
		{1D3A8269-7E69-4126-A3D0-2829FDB2DC4F}.Debug|x64.ActiveCfg = Debug|Any CPU
		{1D3A8269-7E69-4126-A3D0-2829FDB2DC4F}.Debug|x64.Build.0 = Debug|Any CPU
		{1D3A8269-7E69-4126-A3D0-2829FDB2DC4F}.Debug|x86.ActiveCfg = Debug|Any CPU
		{1D3A8269-7E69-4126-A3D0-2829FDB2DC4F}.Debug|x86.Build.0 = Debug|Any CPU
		{1D3A8269-7E69-4126-A3D0-2829FDB2DC4F}.Release|Any CPU.ActiveCfg = Release|Any CPU
		{1D3A8269-7E69-4126-A3D0-2829FDB2DC4F}.Release|Any CPU.Build.0 = Release|Any CPU
		{1D3A8269-7E69-4126-A3D0-2829FDB2DC4F}.Release|x64.ActiveCfg = Release|Any CPU
		{1D3A8269-7E69-4126-A3D0-2829FDB2DC4F}.Release|x64.Build.0 = Release|Any CPU
		{1D3A8269-7E69-4126-A3D0-2829FDB2DC4F}.Release|x86.ActiveCfg = Release|Any CPU
		{1D3A8269-7E69-4126-A3D0-2829FDB2DC4F}.Release|x86.Build.0 = Release|Any CPU
		{EE87BD51-A117-4064-BC16-D9360A717EA0}.Debug|Any CPU.ActiveCfg = Debug|Any CPU
		{EE87BD51-A117-4064-BC16-D9360A717EA0}.Debug|Any CPU.Build.0 = Debug|Any CPU
		{EE87BD51-A117-4064-BC16-D9360A717EA0}.Debug|x64.ActiveCfg = Debug|Any CPU
		{EE87BD51-A117-4064-BC16-D9360A717EA0}.Debug|x64.Build.0 = Debug|Any CPU
		{EE87BD51-A117-4064-BC16-D9360A717EA0}.Debug|x86.ActiveCfg = Debug|Any CPU
		{EE87BD51-A117-4064-BC16-D9360A717EA0}.Debug|x86.Build.0 = Debug|Any CPU
		{EE87BD51-A117-4064-BC16-D9360A717EA0}.Release|Any CPU.ActiveCfg = Release|Any CPU
		{EE87BD51-A117-4064-BC16-D9360A717EA0}.Release|Any CPU.Build.0 = Release|Any CPU
		{EE87BD51-A117-4064-BC16-D9360A717EA0}.Release|x64.ActiveCfg = Release|Any CPU
		{EE87BD51-A117-4064-BC16-D9360A717EA0}.Release|x64.Build.0 = Release|Any CPU
		{EE87BD51-A117-4064-BC16-D9360A717EA0}.Release|x86.ActiveCfg = Release|Any CPU
		{EE87BD51-A117-4064-BC16-D9360A717EA0}.Release|x86.Build.0 = Release|Any CPU
		{04DBC25C-909D-43EB-A40B-34B8E515F411}.Debug|Any CPU.ActiveCfg = Debug|Any CPU
		{04DBC25C-909D-43EB-A40B-34B8E515F411}.Debug|Any CPU.Build.0 = Debug|Any CPU
		{04DBC25C-909D-43EB-A40B-34B8E515F411}.Debug|x64.ActiveCfg = Debug|Any CPU
		{04DBC25C-909D-43EB-A40B-34B8E515F411}.Debug|x64.Build.0 = Debug|Any CPU
		{04DBC25C-909D-43EB-A40B-34B8E515F411}.Debug|x86.ActiveCfg = Debug|Any CPU
		{04DBC25C-909D-43EB-A40B-34B8E515F411}.Debug|x86.Build.0 = Debug|Any CPU
		{04DBC25C-909D-43EB-A40B-34B8E515F411}.Release|Any CPU.ActiveCfg = Release|Any CPU
		{04DBC25C-909D-43EB-A40B-34B8E515F411}.Release|Any CPU.Build.0 = Release|Any CPU
		{04DBC25C-909D-43EB-A40B-34B8E515F411}.Release|x64.ActiveCfg = Release|Any CPU
		{04DBC25C-909D-43EB-A40B-34B8E515F411}.Release|x64.Build.0 = Release|Any CPU
		{04DBC25C-909D-43EB-A40B-34B8E515F411}.Release|x86.ActiveCfg = Release|Any CPU
		{04DBC25C-909D-43EB-A40B-34B8E515F411}.Release|x86.Build.0 = Release|Any CPU
		{EE6CF8CE-1C04-4ACF-84FE-68B366B44821}.Debug|Any CPU.ActiveCfg = Debug|Any CPU
		{EE6CF8CE-1C04-4ACF-84FE-68B366B44821}.Debug|Any CPU.Build.0 = Debug|Any CPU
		{EE6CF8CE-1C04-4ACF-84FE-68B366B44821}.Debug|x64.ActiveCfg = Debug|Any CPU
		{EE6CF8CE-1C04-4ACF-84FE-68B366B44821}.Debug|x64.Build.0 = Debug|Any CPU
		{EE6CF8CE-1C04-4ACF-84FE-68B366B44821}.Debug|x86.ActiveCfg = Debug|Any CPU
		{EE6CF8CE-1C04-4ACF-84FE-68B366B44821}.Debug|x86.Build.0 = Debug|Any CPU
		{EE6CF8CE-1C04-4ACF-84FE-68B366B44821}.Release|Any CPU.ActiveCfg = Release|Any CPU
		{EE6CF8CE-1C04-4ACF-84FE-68B366B44821}.Release|Any CPU.Build.0 = Release|Any CPU
		{EE6CF8CE-1C04-4ACF-84FE-68B366B44821}.Release|x64.ActiveCfg = Release|Any CPU
		{EE6CF8CE-1C04-4ACF-84FE-68B366B44821}.Release|x64.Build.0 = Release|Any CPU
		{EE6CF8CE-1C04-4ACF-84FE-68B366B44821}.Release|x86.ActiveCfg = Release|Any CPU
		{EE6CF8CE-1C04-4ACF-84FE-68B366B44821}.Release|x86.Build.0 = Release|Any CPU
		{CADAFD9F-312B-4BB4-A965-36724DACA32D}.Debug|Any CPU.ActiveCfg = Debug|Any CPU
		{CADAFD9F-312B-4BB4-A965-36724DACA32D}.Debug|Any CPU.Build.0 = Debug|Any CPU
		{CADAFD9F-312B-4BB4-A965-36724DACA32D}.Debug|x64.ActiveCfg = Debug|Any CPU
		{CADAFD9F-312B-4BB4-A965-36724DACA32D}.Debug|x64.Build.0 = Debug|Any CPU
		{CADAFD9F-312B-4BB4-A965-36724DACA32D}.Debug|x86.ActiveCfg = Debug|Any CPU
		{CADAFD9F-312B-4BB4-A965-36724DACA32D}.Debug|x86.Build.0 = Debug|Any CPU
		{CADAFD9F-312B-4BB4-A965-36724DACA32D}.Release|Any CPU.ActiveCfg = Release|Any CPU
		{CADAFD9F-312B-4BB4-A965-36724DACA32D}.Release|Any CPU.Build.0 = Release|Any CPU
		{CADAFD9F-312B-4BB4-A965-36724DACA32D}.Release|x64.ActiveCfg = Release|Any CPU
		{CADAFD9F-312B-4BB4-A965-36724DACA32D}.Release|x64.Build.0 = Release|Any CPU
		{CADAFD9F-312B-4BB4-A965-36724DACA32D}.Release|x86.ActiveCfg = Release|Any CPU
		{CADAFD9F-312B-4BB4-A965-36724DACA32D}.Release|x86.Build.0 = Release|Any CPU
	EndGlobalSection
	GlobalSection(SolutionProperties) = preSolution
		HideSolutionNode = FALSE
	EndGlobalSection
	GlobalSection(NestedProjects) = preSolution
		{1CF411AB-1B9C-465D-8151-9A49116DF08D} = {E1325558-AB53-4A6C-B557-E124CC3312E0}
		{0D8E3DC0-AF54-4332-AB44-15EF770B4ABD} = {B8619DAE-1408-401D-B719-360D6392A1C5}
		{504FC282-31B5-4A4F-B76F-8FBEF4D9E656} = {B8619DAE-1408-401D-B719-360D6392A1C5}
		{9DE7D1F8-4DB5-455A-B004-7BB855F0B1B4} = {B8619DAE-1408-401D-B719-360D6392A1C5}
		{1198F0C0-88AD-4549-B54F-9C5502B6A94F} = {B8619DAE-1408-401D-B719-360D6392A1C5}
		{B90CFEA3-781A-4F82-9053-5162007889EB} = {B8619DAE-1408-401D-B719-360D6392A1C5}
		{AFF1CE85-4F10-429C-9927-041B934CDA84} = {B8619DAE-1408-401D-B719-360D6392A1C5}
		{D6CC911B-90AC-4548-9D8A-F8D79270D115} = {B8619DAE-1408-401D-B719-360D6392A1C5}
		{B1C5BDD8-EDEC-4A7D-82C9-97718566C3C6} = {B8619DAE-1408-401D-B719-360D6392A1C5}
		{196851C3-E873-473F-B8FD-90AD7658997D} = {B8619DAE-1408-401D-B719-360D6392A1C5}
		{45913BD3-AE5E-457B-92B9-8FBA0B84D421} = {E1325558-AB53-4A6C-B557-E124CC3312E0}
		{6D71911F-82DC-4941-86FF-389A134E67DF} = {E1325558-AB53-4A6C-B557-E124CC3312E0}
		{DDFAA42D-E0D2-4337-A52C-E192ECFE2240} = {E1325558-AB53-4A6C-B557-E124CC3312E0}
		{BBA09764-24CA-4ACB-8119-24C13ED7A146} = {E1325558-AB53-4A6C-B557-E124CC3312E0}
		{139E4CA7-0BFE-4219-BEAF-27D272CE03E6} = {E1325558-AB53-4A6C-B557-E124CC3312E0}
		{23A911C2-37B5-430A-9D4E-68331EAA7349} = {E1325558-AB53-4A6C-B557-E124CC3312E0}
		{9916387B-2F00-4C51-AF0D-10B2BCE4419C} = {E1325558-AB53-4A6C-B557-E124CC3312E0}
		{F464939A-60A3-42C4-AD23-97842ED1F544} = {E1325558-AB53-4A6C-B557-E124CC3312E0}
		{A6A35B62-A13D-47BE-8229-DE7F214CDA4A} = {E1325558-AB53-4A6C-B557-E124CC3312E0}
		{478EA557-4A55-466C-9951-E6CF49C62837} = {E1325558-AB53-4A6C-B557-E124CC3312E0}
		{0AAF8AF0-2B01-49A6-9023-56C6243216BF} = {E1325558-AB53-4A6C-B557-E124CC3312E0}
		{A4246FBD-E2AB-412F-8C90-1D3CCFDBC335} = {E1325558-AB53-4A6C-B557-E124CC3312E0}
		{68F8E766-5556-4408-962E-FF1C46B92E20} = {E1325558-AB53-4A6C-B557-E124CC3312E0}
		{A88BEEBE-5D77-4321-8186-658A208E2FAA} = {B8619DAE-1408-401D-B719-360D6392A1C5}
		{19BA5AAA-2373-4807-B207-C88C48517264} = {B8619DAE-1408-401D-B719-360D6392A1C5}
		{7607EA01-A25D-43B1-93F3-BEDF8A653A65} = {3B0B5078-3954-47AA-B605-AE57F5C01C2C}
		{8406361A-1667-4EC3-8E70-72E121B4ED27} = {3B0B5078-3954-47AA-B605-AE57F5C01C2C}
		{50022537-57AC-4048-B8EB-6490E959AC9B} = {3B0B5078-3954-47AA-B605-AE57F5C01C2C}
		{21B633B3-DE4B-4039-AC16-D0D96015C718} = {E1325558-AB53-4A6C-B557-E124CC3312E0}
		{F2D4C917-972D-4988-8073-D80936E43D4F} = {3B0B5078-3954-47AA-B605-AE57F5C01C2C}
		{B6636C06-6DCC-43D6-B950-1C1E458AA1E0} = {E1325558-AB53-4A6C-B557-E124CC3312E0}
		{00800D9B-E70A-4E64-8DDC-295118E2D412} = {B8619DAE-1408-401D-B719-360D6392A1C5}
		{09B098A2-B0BD-4D70-95F2-9DFF6F7C7D50} = {E5D7593E-1C01-4FB3-93B1-31F2535CD3B8}
		{F1BE51BB-42F3-480C-8296-53982EB36221} = {E5D7593E-1C01-4FB3-93B1-31F2535CD3B8}
		{3842501D-B30D-4513-AB96-8FA807604865} = {E5D7593E-1C01-4FB3-93B1-31F2535CD3B8}
		{ADCB2C40-3BA3-4158-859C-BB9934E0DEC1} = {E5D7593E-1C01-4FB3-93B1-31F2535CD3B8}
		{1D3A8269-7E69-4126-A3D0-2829FDB2DC4F} = {E5D7593E-1C01-4FB3-93B1-31F2535CD3B8}
		{EE87BD51-A117-4064-BC16-D9360A717EA0} = {E5D7593E-1C01-4FB3-93B1-31F2535CD3B8}
		{04DBC25C-909D-43EB-A40B-34B8E515F411} = {E5D7593E-1C01-4FB3-93B1-31F2535CD3B8}
		{EE6CF8CE-1C04-4ACF-84FE-68B366B44821} = {E5D7593E-1C01-4FB3-93B1-31F2535CD3B8}
		{CADAFD9F-312B-4BB4-A965-36724DACA32D} = {E5D7593E-1C01-4FB3-93B1-31F2535CD3B8}
	EndGlobalSection
	GlobalSection(ExtensibilityGlobals) = postSolution
		SolutionGuid = {5BF05D0B-C3FB-4577-BAF5-2A23E3F4403F}
	EndGlobalSection
EndGlobal
